
Microsoft Visual Studio Solution File, Format Version 12.00
# Visual Studio Version 17
VisualStudioVersion = 17.0.31919.166
MinimumVisualStudioVersion = 10.0.40219.1
Project("{9A19103F-16F7-4668-BE54-9A1E7A4F7556}") = "temsAPI", "temsAPI\temsAPI.csproj", "{DC143E8E-60F4-45D7-A912-058086BF6FA9}"
EndProject
Project("{9A19103F-16F7-4668-BE54-9A1E7A4F7556}") = "SIC-Parser", "SIC-Parser\SIC-Parser.csproj", "{F38602E6-D655-40C5-B25A-B22C58E4109C}"
EndProject
Project("{9A19103F-16F7-4668-BE54-9A1E7A4F7556}") = "ReportGenerator", "ReportGenerator\ReportGenerator.csproj", "{F4D6061B-5EA7-44B8-A4BE-ABF3C0C01F03}"
EndProject
Project("{2150E333-8FDC-42A3-9474-1A3956D46DE8}") = "src", "src", "{CB619126-55F1-4651-BFF9-FD5EF4E4343B}"
EndProject
Project("{2150E333-8FDC-42A3-9474-1A3956D46DE8}") = "tests", "tests", "{BA8ADE0D-AE33-4977-A535-6562B703E072}"
EndProject
Project("{FAE04EC0-301F-11D3-BF4B-00C04F79EFBC}") = "Domain", "src\Domain\Domain.csproj", "{55785DE8-9BC0-41D0-8C1C-1B0DBECDB116}"
EndProject
Project("{FAE04EC0-301F-11D3-BF4B-00C04F79EFBC}") = "Presentation", "src\Presentation\Presentation.csproj", "{F3A598FA-1657-44C3-A325-7B9360831310}"
EndProject
Project("{2150E333-8FDC-42A3-9474-1A3956D46DE8}") = "legacy", "legacy", "{B57B267F-5DC0-4985-B808-E528BEC6F1F9}"
EndProject
Project("{FAE04EC0-301F-11D3-BF4B-00C04F79EFBC}") = "Infrastructure", "src\Infrastructure\Infrastructure.csproj", "{F0122A01-5452-4382-887A-7B093226547F}"
EndProject
Project("{FAE04EC0-301F-11D3-BF4B-00C04F79EFBC}") = "Application", "src\Application\Application.csproj", "{EF305C21-316E-4206-8CD8-31FE46125178}"
EndProject
Project("{FAE04EC0-301F-11D3-BF4B-00C04F79EFBC}") = "Application.UnitTests", "tests\Application.UnitTests\Application.UnitTests.csproj", "{7F3888C6-09D8-4F0C-A7D1-562DEFF8C241}"
EndProject
Project("{FAE04EC0-301F-11D3-BF4B-00C04F79EFBC}") = "Infrastructure.UnitTests", "tests\Infrastructure.UnitTests\Infrastructure.UnitTests.csproj", "{0D4CCD88-5898-4F06-A661-C758313C1880}"
EndProject
Project("{FAE04EC0-301F-11D3-BF4B-00C04F79EFBC}") = "Presentation.UnitTests", "tests\Presentation.UnitTests\Presentation.UnitTests.csproj", "{3CDFEC72-D263-4E77-BDCB-56DA3B71CDCF}"
EndProject
Project("{FAE04EC0-301F-11D3-BF4B-00C04F79EFBC}") = "Common", "tests\Common\Common.csproj", "{29650CAC-37E8-4711-ADC5-364CEFAC1BD7}"
EndProject
Project("{FAE04EC0-301F-11D3-BF4B-00C04F79EFBC}") = "IntegrationTests", "tests\IntegrationTests\IntegrationTests.csproj", "{1EFCBF55-86CD-4E2C-97AA-F61AE1962511}"
EndProject
Project("{2150E333-8FDC-42A3-9474-1A3956D46DE8}") = "utils", "utils", "{A7796C63-0484-4631-9EE2-6D289BA4DEAD}"
EndProject
Project("{FAE04EC0-301F-11D3-BF4B-00C04F79EFBC}") = "ReportGenerator", "utils\ReportGenerator\ReportGenerator.csproj", "{7434BE1B-4683-4F95-9972-C0751463FEBA}"
EndProject
Global
	GlobalSection(SolutionConfigurationPlatforms) = preSolution
		Debug|Any CPU = Debug|Any CPU
		Release|Any CPU = Release|Any CPU
	EndGlobalSection
	GlobalSection(ProjectConfigurationPlatforms) = postSolution
		{DC143E8E-60F4-45D7-A912-058086BF6FA9}.Debug|Any CPU.ActiveCfg = Debug|Any CPU
		{DC143E8E-60F4-45D7-A912-058086BF6FA9}.Debug|Any CPU.Build.0 = Debug|Any CPU
		{DC143E8E-60F4-45D7-A912-058086BF6FA9}.Release|Any CPU.ActiveCfg = Release|Any CPU
		{DC143E8E-60F4-45D7-A912-058086BF6FA9}.Release|Any CPU.Build.0 = Release|Any CPU
		{F38602E6-D655-40C5-B25A-B22C58E4109C}.Debug|Any CPU.ActiveCfg = Debug|Any CPU
		{F38602E6-D655-40C5-B25A-B22C58E4109C}.Debug|Any CPU.Build.0 = Debug|Any CPU
		{F38602E6-D655-40C5-B25A-B22C58E4109C}.Release|Any CPU.ActiveCfg = Release|Any CPU
		{F38602E6-D655-40C5-B25A-B22C58E4109C}.Release|Any CPU.Build.0 = Release|Any CPU
		{F4D6061B-5EA7-44B8-A4BE-ABF3C0C01F03}.Debug|Any CPU.ActiveCfg = Debug|Any CPU
		{F4D6061B-5EA7-44B8-A4BE-ABF3C0C01F03}.Debug|Any CPU.Build.0 = Debug|Any CPU
		{F4D6061B-5EA7-44B8-A4BE-ABF3C0C01F03}.Release|Any CPU.ActiveCfg = Release|Any CPU
		{F4D6061B-5EA7-44B8-A4BE-ABF3C0C01F03}.Release|Any CPU.Build.0 = Release|Any CPU
		{55785DE8-9BC0-41D0-8C1C-1B0DBECDB116}.Debug|Any CPU.ActiveCfg = Debug|Any CPU
		{55785DE8-9BC0-41D0-8C1C-1B0DBECDB116}.Debug|Any CPU.Build.0 = Debug|Any CPU
		{55785DE8-9BC0-41D0-8C1C-1B0DBECDB116}.Release|Any CPU.ActiveCfg = Release|Any CPU
		{55785DE8-9BC0-41D0-8C1C-1B0DBECDB116}.Release|Any CPU.Build.0 = Release|Any CPU
		{F3A598FA-1657-44C3-A325-7B9360831310}.Debug|Any CPU.ActiveCfg = Debug|Any CPU
		{F3A598FA-1657-44C3-A325-7B9360831310}.Debug|Any CPU.Build.0 = Debug|Any CPU
		{F3A598FA-1657-44C3-A325-7B9360831310}.Release|Any CPU.ActiveCfg = Release|Any CPU
		{F3A598FA-1657-44C3-A325-7B9360831310}.Release|Any CPU.Build.0 = Release|Any CPU
		{F0122A01-5452-4382-887A-7B093226547F}.Debug|Any CPU.ActiveCfg = Debug|Any CPU
		{F0122A01-5452-4382-887A-7B093226547F}.Debug|Any CPU.Build.0 = Debug|Any CPU
		{F0122A01-5452-4382-887A-7B093226547F}.Release|Any CPU.ActiveCfg = Release|Any CPU
		{F0122A01-5452-4382-887A-7B093226547F}.Release|Any CPU.Build.0 = Release|Any CPU
		{EF305C21-316E-4206-8CD8-31FE46125178}.Debug|Any CPU.ActiveCfg = Debug|Any CPU
		{EF305C21-316E-4206-8CD8-31FE46125178}.Debug|Any CPU.Build.0 = Debug|Any CPU
		{EF305C21-316E-4206-8CD8-31FE46125178}.Release|Any CPU.ActiveCfg = Release|Any CPU
		{EF305C21-316E-4206-8CD8-31FE46125178}.Release|Any CPU.Build.0 = Release|Any CPU
		{7F3888C6-09D8-4F0C-A7D1-562DEFF8C241}.Debug|Any CPU.ActiveCfg = Debug|Any CPU
		{7F3888C6-09D8-4F0C-A7D1-562DEFF8C241}.Debug|Any CPU.Build.0 = Debug|Any CPU
		{7F3888C6-09D8-4F0C-A7D1-562DEFF8C241}.Release|Any CPU.ActiveCfg = Release|Any CPU
		{7F3888C6-09D8-4F0C-A7D1-562DEFF8C241}.Release|Any CPU.Build.0 = Release|Any CPU
		{0D4CCD88-5898-4F06-A661-C758313C1880}.Debug|Any CPU.ActiveCfg = Debug|Any CPU
		{0D4CCD88-5898-4F06-A661-C758313C1880}.Debug|Any CPU.Build.0 = Debug|Any CPU
		{0D4CCD88-5898-4F06-A661-C758313C1880}.Release|Any CPU.ActiveCfg = Release|Any CPU
		{0D4CCD88-5898-4F06-A661-C758313C1880}.Release|Any CPU.Build.0 = Release|Any CPU
		{3CDFEC72-D263-4E77-BDCB-56DA3B71CDCF}.Debug|Any CPU.ActiveCfg = Debug|Any CPU
		{3CDFEC72-D263-4E77-BDCB-56DA3B71CDCF}.Debug|Any CPU.Build.0 = Debug|Any CPU
		{3CDFEC72-D263-4E77-BDCB-56DA3B71CDCF}.Release|Any CPU.ActiveCfg = Release|Any CPU
		{3CDFEC72-D263-4E77-BDCB-56DA3B71CDCF}.Release|Any CPU.Build.0 = Release|Any CPU
		{29650CAC-37E8-4711-ADC5-364CEFAC1BD7}.Debug|Any CPU.ActiveCfg = Debug|Any CPU
		{29650CAC-37E8-4711-ADC5-364CEFAC1BD7}.Debug|Any CPU.Build.0 = Debug|Any CPU
		{29650CAC-37E8-4711-ADC5-364CEFAC1BD7}.Release|Any CPU.ActiveCfg = Release|Any CPU
		{29650CAC-37E8-4711-ADC5-364CEFAC1BD7}.Release|Any CPU.Build.0 = Release|Any CPU
		{1EFCBF55-86CD-4E2C-97AA-F61AE1962511}.Debug|Any CPU.ActiveCfg = Debug|Any CPU
		{1EFCBF55-86CD-4E2C-97AA-F61AE1962511}.Debug|Any CPU.Build.0 = Debug|Any CPU
		{1EFCBF55-86CD-4E2C-97AA-F61AE1962511}.Release|Any CPU.ActiveCfg = Release|Any CPU
		{1EFCBF55-86CD-4E2C-97AA-F61AE1962511}.Release|Any CPU.Build.0 = Release|Any CPU
		{7434BE1B-4683-4F95-9972-C0751463FEBA}.Debug|Any CPU.ActiveCfg = Debug|Any CPU
		{7434BE1B-4683-4F95-9972-C0751463FEBA}.Debug|Any CPU.Build.0 = Debug|Any CPU
		{7434BE1B-4683-4F95-9972-C0751463FEBA}.Release|Any CPU.ActiveCfg = Release|Any CPU
		{7434BE1B-4683-4F95-9972-C0751463FEBA}.Release|Any CPU.Build.0 = Release|Any CPU
	EndGlobalSection
	GlobalSection(SolutionProperties) = preSolution
		HideSolutionNode = FALSE
	EndGlobalSection
	GlobalSection(NestedProjects) = preSolution
		{DC143E8E-60F4-45D7-A912-058086BF6FA9} = {B57B267F-5DC0-4985-B808-E528BEC6F1F9}
		{F38602E6-D655-40C5-B25A-B22C58E4109C} = {B57B267F-5DC0-4985-B808-E528BEC6F1F9}
		{F4D6061B-5EA7-44B8-A4BE-ABF3C0C01F03} = {B57B267F-5DC0-4985-B808-E528BEC6F1F9}
		{55785DE8-9BC0-41D0-8C1C-1B0DBECDB116} = {CB619126-55F1-4651-BFF9-FD5EF4E4343B}
		{F3A598FA-1657-44C3-A325-7B9360831310} = {CB619126-55F1-4651-BFF9-FD5EF4E4343B}
		{F0122A01-5452-4382-887A-7B093226547F} = {CB619126-55F1-4651-BFF9-FD5EF4E4343B}
		{EF305C21-316E-4206-8CD8-31FE46125178} = {CB619126-55F1-4651-BFF9-FD5EF4E4343B}
		{7F3888C6-09D8-4F0C-A7D1-562DEFF8C241} = {BA8ADE0D-AE33-4977-A535-6562B703E072}
		{0D4CCD88-5898-4F06-A661-C758313C1880} = {BA8ADE0D-AE33-4977-A535-6562B703E072}
		{3CDFEC72-D263-4E77-BDCB-56DA3B71CDCF} = {BA8ADE0D-AE33-4977-A535-6562B703E072}
		{29650CAC-37E8-4711-ADC5-364CEFAC1BD7} = {BA8ADE0D-AE33-4977-A535-6562B703E072}
		{1EFCBF55-86CD-4E2C-97AA-F61AE1962511} = {BA8ADE0D-AE33-4977-A535-6562B703E072}
		{7434BE1B-4683-4F95-9972-C0751463FEBA} = {A7796C63-0484-4631-9EE2-6D289BA4DEAD}
	EndGlobalSection
	GlobalSection(ExtensibilityGlobals) = postSolution
		SolutionGuid = {A92B4A80-8887-45BB-959A-0243A0B864B5}
	EndGlobalSection
EndGlobal
