
Microsoft Visual Studio Solution File, Format Version 12.00
# Visual Studio Version 17
VisualStudioVersion = 17.5.2.0
MinimumVisualStudioVersion = 10.0.40219.1
Project("{FAE04EC0-301F-11D3-BF4B-00C04F79EFBC}") = "Tems.Host", "Tems.Host\Tems.Host.csproj", "{48419733-7CD5-7189-CA0A-5E9EFD8D0E69}"
EndProject
Project("{FAE04EC0-301F-11D3-BF4B-00C04F79EFBC}") = "Tems.Common", "Tems.Common\Tems.Common.csproj", "{A1B2C3D4-E5F6-7890-1234-56789ABCDEF0}"
EndProject
Project("{2150E333-8FDC-42A3-9474-1A3956D46DE8}") = "Modules", "Modules", "{CA253913-39DE-BFD0-C9A3-4B7EC6FBDF17}"
EndProject
Project("{2150E333-8FDC-42A3-9474-1A3956D46DE8}") = "Example", "Example", "{3A86D9C5-F5BA-0513-26A0-68233B5FCE63}"
EndProject
Project("{FAE04EC0-301F-11D3-BF4B-00C04F79EFBC}") = "Example.Application", "Modules\Example\Example.Application\Example.Application.csproj", "{476EC9F0-CA13-7D30-0227-4D459B00612D}"
EndProject
Project("{FAE04EC0-301F-11D3-BF4B-00C04F79EFBC}") = "Example.API", "Modules\Example\Example.API\Example.API.csproj", "{184199B9-F81F-9705-35FB-F524861541FB}"
EndProject
Project("{FAE04EC0-301F-11D3-BF4B-00C04F79EFBC}") = "Example.Contract", "Modules\Example\Example.Contract\Example.Contract.csproj", "{56156E8C-7792-D2CF-5F83-EF11FEEC19E5}"
EndProject
Project("{FAE04EC0-301F-11D3-BF4B-00C04F79EFBC}") = "Example.Infrastructure", "Modules\Example\Example.Infrastructure\Example.Infrastructure.csproj", "{70676260-79F7-C7AA-1190-E1321B1CF959}"
EndProject
Project("{2150E333-8FDC-42A3-9474-1A3956D46DE8}") = "AssetManagement", "AssetManagement", "{5D27AFBD-1390-4F26-9DF1-2FD2A608875D}"
EndProject
Project("{FAE04EC0-301F-11D3-BF4B-00C04F79EFBC}") = "AssetManagement.API", "Modules\AssetManagement\AssetManagement.API\AssetManagement.API.csproj", "{A52AA99B-C83A-4BA6-802F-7C5B407BEC1F}"
EndProject
Project("{FAE04EC0-301F-11D3-BF4B-00C04F79EFBC}") = "AssetManagement.Application", "Modules\AssetManagement\AssetManagement.Application\AssetManagement.Application.csproj", "{7BCEFC78-3A48-410A-87E2-D0E7A10631D7}"
EndProject
Project("{FAE04EC0-301F-11D3-BF4B-00C04F79EFBC}") = "AssetManagement.Contract", "Modules\AssetManagement\AssetManagement.Contract\AssetManagement.Contract.csproj", "{F95ECBE1-E707-4205-A26E-07D7A3DBD0A1}"
EndProject
Project("{FAE04EC0-301F-11D3-BF4B-00C04F79EFBC}") = "AssetManagement.Infrastructure", "Modules\AssetManagement\AssetManagement.Infrastructure\AssetManagement.Infrastructure.csproj", "{1981D93D-69EE-43B8-988F-46695BC4D96D}"
EndProject
Project("{2150E333-8FDC-42A3-9474-1A3956D46DE8}") = "TicketManagement", "TicketManagement", "{C8F5B7E2-4A9E-4D1F-8E6C-5D7F9A2B3C4D}"
EndProject
Project("{FAE04EC0-301F-11D3-BF4B-00C04F79EFBC}") = "TicketManagement.API", "Modules\TicketManagement\TicketManagement.API\TicketManagement.API.csproj", "{2B9F4E8A-7C3D-4A6F-9B1E-8D2F5A7C9E4B}"
EndProject
Project("{FAE04EC0-301F-11D3-BF4B-00C04F79EFBC}") = "Tems.IdentityServer", "Tems.IdentityServer\Tems.IdentityServer.csproj", "{1ADDB92E-230A-418C-AF4E-F063F1D65E53}"
EndProject
Project("{FAE04EC0-301F-11D3-BF4B-00C04F79EFBC}") = "TicketManagement.Application", "Modules\TicketManagement\TicketManagement.Application\TicketManagement.Application.csproj", "{95D08379-9A09-4AE1-98B2-A6333064FBA0}"
EndProject
Project("{FAE04EC0-301F-11D3-BF4B-00C04F79EFBC}") = "TicketManagement.Contract", "Modules\TicketManagement\TicketManagement.Contract\TicketManagement.Contract.csproj", "{5297DB4E-F529-4671-91DE-81D64CA2FEB3}"
EndProject
Project("{FAE04EC0-301F-11D3-BF4B-00C04F79EFBC}") = "TicketManagement.Infrastructure", "Modules\TicketManagement\TicketManagement.Infrastructure\TicketManagement.Infrastructure.csproj", "{BEAF872C-C0C3-4905-8BAB-AD95C71FFE69}"
EndProject
Project("{2150E333-8FDC-42A3-9474-1A3956D46DE8}") = "UserManagement", "UserManagement", "{9E9B8927-7ED6-BD16-1E2E-5A45ADAE077E}"
EndProject
Project("{FAE04EC0-301F-11D3-BF4B-00C04F79EFBC}") = "UserManagement.Contract", "Modules\UserManagement\UserManagement.Contract\UserManagement.Contract.csproj", "{3BAFA074-A468-4646-9245-A346420EEB86}"
EndProject
Project("{FAE04EC0-301F-11D3-BF4B-00C04F79EFBC}") = "UserManagement.Infrastructure", "Modules\UserManagement\UserManagement.Infrastructure\UserManagement.Infrastructure.csproj", "{BF30EC4B-5CB8-4A5C-9365-3406FC2F42C2}"
EndProject
Project("{FAE04EC0-301F-11D3-BF4B-00C04F79EFBC}") = "UserManagement.Application", "Modules\UserManagement\UserManagement.Application\UserManagement.Application.csproj", "{DABED42D-FDEB-4110-9B1D-CC22D23A6594}"
EndProject
Project("{FAE04EC0-301F-11D3-BF4B-00C04F79EFBC}") = "UserManagement.API", "Modules\UserManagement\UserManagement.API\UserManagement.API.csproj", "{3E0E39F2-9A87-47CF-8494-19884DB89EDD}"
EndProject
Project("{2150E333-8FDC-42A3-9474-1A3956D46DE8}") = "LocationManagement", "LocationManagement", "{CBC568FD-4336-E47F-BC83-B1ED3203F5D4}"
EndProject
Project("{FAE04EC0-301F-11D3-BF4B-00C04F79EFBC}") = "LocationManagement.Contract", "Modules\LocationManagement\LocationManagement.Contract\LocationManagement.Contract.csproj", "{0AB0977F-DF28-4BA8-8A28-4FDA4A59317E}"
EndProject
Project("{FAE04EC0-301F-11D3-BF4B-00C04F79EFBC}") = "LocationManagement.Application", "Modules\LocationManagement\LocationManagement.Application\LocationManagement.Application.csproj", "{403887B1-D9B6-4739-BF25-EFF7049F6ED3}"
EndProject
Project("{FAE04EC0-301F-11D3-BF4B-00C04F79EFBC}") = "LocationManagement.Infrastructure", "Modules\LocationManagement\LocationManagement.Infrastructure\LocationManagement.Infrastructure.csproj", "{9958DDD9-C74C-4CE2-B70C-0F61F43B36ED}"
EndProject
Project("{FAE04EC0-301F-11D3-BF4B-00C04F79EFBC}") = "LocationManagement.Api", "Modules\LocationManagement\LocationManagement.Api\LocationManagement.Api.csproj", "{C926B549-C210-4FFC-B446-1D889499D51D}"
EndProject
Project("{2150E333-8FDC-42A3-9474-1A3956D46DE8}") = "ChangeLog", "ChangeLog", "{855F6F12-520B-2914-DEA7-15C6015F1290}"
EndProject
Project("{FAE04EC0-301F-11D3-BF4B-00C04F79EFBC}") = "ChangeLog.Contract", "Modules\ChangeLog\ChangeLog.Contract\ChangeLog.Contract.csproj", "{EDB823DC-11F6-492B-9A26-E6B4DA770577}"
EndProject
Project("{FAE04EC0-301F-11D3-BF4B-00C04F79EFBC}") = "ChangeLog.Application", "Modules\ChangeLog\ChangeLog.Application\ChangeLog.Application.csproj", "{61257670-60F9-408A-B16E-5B5715B9C86E}"
EndProject
Project("{FAE04EC0-301F-11D3-BF4B-00C04F79EFBC}") = "ChangeLog.Infrastructure", "Modules\ChangeLog\ChangeLog.Infrastructure\ChangeLog.Infrastructure.csproj", "{56068132-E8BE-4CA9-ADAA-0A5A5BAA5811}"
EndProject
Project("{FAE04EC0-301F-11D3-BF4B-00C04F79EFBC}") = "ChangeLog.API", "Modules\ChangeLog\ChangeLog.API\ChangeLog.API.csproj", "{F22B6670-A680-41EA-9BC3-A27CDBA0CD3F}"
EndProject
Global
	GlobalSection(SolutionConfigurationPlatforms) = preSolution
		Debug|Any CPU = Debug|Any CPU
		Debug|x64 = Debug|x64
		Debug|x86 = Debug|x86
		Release|Any CPU = Release|Any CPU
		Release|x64 = Release|x64
		Release|x86 = Release|x86
	EndGlobalSection
	GlobalSection(ProjectConfigurationPlatforms) = postSolution
		{48419733-7CD5-7189-CA0A-5E9EFD8D0E69}.Debug|Any CPU.ActiveCfg = Debug|Any CPU
		{48419733-7CD5-7189-CA0A-5E9EFD8D0E69}.Debug|Any CPU.Build.0 = Debug|Any CPU
		{48419733-7CD5-7189-CA0A-5E9EFD8D0E69}.Debug|x64.ActiveCfg = Debug|Any CPU
		{48419733-7CD5-7189-CA0A-5E9EFD8D0E69}.Debug|x64.Build.0 = Debug|Any CPU
		{48419733-7CD5-7189-CA0A-5E9EFD8D0E69}.Debug|x86.ActiveCfg = Debug|Any CPU
		{48419733-7CD5-7189-CA0A-5E9EFD8D0E69}.Debug|x86.Build.0 = Debug|Any CPU
		{48419733-7CD5-7189-CA0A-5E9EFD8D0E69}.Release|Any CPU.ActiveCfg = Release|Any CPU
		{48419733-7CD5-7189-CA0A-5E9EFD8D0E69}.Release|Any CPU.Build.0 = Release|Any CPU
		{48419733-7CD5-7189-CA0A-5E9EFD8D0E69}.Release|x64.ActiveCfg = Release|Any CPU
		{48419733-7CD5-7189-CA0A-5E9EFD8D0E69}.Release|x64.Build.0 = Release|Any CPU
		{48419733-7CD5-7189-CA0A-5E9EFD8D0E69}.Release|x86.ActiveCfg = Release|Any CPU
		{48419733-7CD5-7189-CA0A-5E9EFD8D0E69}.Release|x86.Build.0 = Release|Any CPU
		{A1B2C3D4-E5F6-7890-1234-56789ABCDEF0}.Debug|Any CPU.ActiveCfg = Debug|Any CPU
		{A1B2C3D4-E5F6-7890-1234-56789ABCDEF0}.Debug|Any CPU.Build.0 = Debug|Any CPU
		{A1B2C3D4-E5F6-7890-1234-56789ABCDEF0}.Debug|x64.ActiveCfg = Debug|Any CPU
		{A1B2C3D4-E5F6-7890-1234-56789ABCDEF0}.Debug|x64.Build.0 = Debug|Any CPU
		{A1B2C3D4-E5F6-7890-1234-56789ABCDEF0}.Debug|x86.ActiveCfg = Debug|Any CPU
		{A1B2C3D4-E5F6-7890-1234-56789ABCDEF0}.Debug|x86.Build.0 = Debug|Any CPU
		{A1B2C3D4-E5F6-7890-1234-56789ABCDEF0}.Release|Any CPU.ActiveCfg = Release|Any CPU
		{A1B2C3D4-E5F6-7890-1234-56789ABCDEF0}.Release|Any CPU.Build.0 = Release|Any CPU
		{A1B2C3D4-E5F6-7890-1234-56789ABCDEF0}.Release|x64.ActiveCfg = Release|Any CPU
		{A1B2C3D4-E5F6-7890-1234-56789ABCDEF0}.Release|x64.Build.0 = Release|Any CPU
		{A1B2C3D4-E5F6-7890-1234-56789ABCDEF0}.Release|x86.ActiveCfg = Release|Any CPU
		{A1B2C3D4-E5F6-7890-1234-56789ABCDEF0}.Release|x86.Build.0 = Release|Any CPU
		{476EC9F0-CA13-7D30-0227-4D459B00612D}.Debug|Any CPU.ActiveCfg = Debug|Any CPU
		{476EC9F0-CA13-7D30-0227-4D459B00612D}.Debug|Any CPU.Build.0 = Debug|Any CPU
		{476EC9F0-CA13-7D30-0227-4D459B00612D}.Debug|x64.ActiveCfg = Debug|Any CPU
		{476EC9F0-CA13-7D30-0227-4D459B00612D}.Debug|x64.Build.0 = Debug|Any CPU
		{476EC9F0-CA13-7D30-0227-4D459B00612D}.Debug|x86.ActiveCfg = Debug|Any CPU
		{476EC9F0-CA13-7D30-0227-4D459B00612D}.Debug|x86.Build.0 = Debug|Any CPU
		{476EC9F0-CA13-7D30-0227-4D459B00612D}.Release|Any CPU.ActiveCfg = Release|Any CPU
		{476EC9F0-CA13-7D30-0227-4D459B00612D}.Release|Any CPU.Build.0 = Release|Any CPU
		{476EC9F0-CA13-7D30-0227-4D459B00612D}.Release|x64.ActiveCfg = Release|Any CPU
		{476EC9F0-CA13-7D30-0227-4D459B00612D}.Release|x64.Build.0 = Release|Any CPU
		{476EC9F0-CA13-7D30-0227-4D459B00612D}.Release|x86.ActiveCfg = Release|Any CPU
		{476EC9F0-CA13-7D30-0227-4D459B00612D}.Release|x86.Build.0 = Release|Any CPU
		{184199B9-F81F-9705-35FB-F524861541FB}.Debug|Any CPU.ActiveCfg = Debug|Any CPU
		{184199B9-F81F-9705-35FB-F524861541FB}.Debug|Any CPU.Build.0 = Debug|Any CPU
		{184199B9-F81F-9705-35FB-F524861541FB}.Debug|x64.ActiveCfg = Debug|Any CPU
		{184199B9-F81F-9705-35FB-F524861541FB}.Debug|x64.Build.0 = Debug|Any CPU
		{184199B9-F81F-9705-35FB-F524861541FB}.Debug|x86.ActiveCfg = Debug|Any CPU
		{184199B9-F81F-9705-35FB-F524861541FB}.Debug|x86.Build.0 = Debug|Any CPU
		{184199B9-F81F-9705-35FB-F524861541FB}.Release|Any CPU.ActiveCfg = Release|Any CPU
		{184199B9-F81F-9705-35FB-F524861541FB}.Release|Any CPU.Build.0 = Release|Any CPU
		{184199B9-F81F-9705-35FB-F524861541FB}.Release|x64.ActiveCfg = Release|Any CPU
		{184199B9-F81F-9705-35FB-F524861541FB}.Release|x64.Build.0 = Release|Any CPU
		{184199B9-F81F-9705-35FB-F524861541FB}.Release|x86.ActiveCfg = Release|Any CPU
		{184199B9-F81F-9705-35FB-F524861541FB}.Release|x86.Build.0 = Release|Any CPU
		{56156E8C-7792-D2CF-5F83-EF11FEEC19E5}.Debug|Any CPU.ActiveCfg = Debug|Any CPU
		{56156E8C-7792-D2CF-5F83-EF11FEEC19E5}.Debug|Any CPU.Build.0 = Debug|Any CPU
		{56156E8C-7792-D2CF-5F83-EF11FEEC19E5}.Debug|x64.ActiveCfg = Debug|Any CPU
		{56156E8C-7792-D2CF-5F83-EF11FEEC19E5}.Debug|x64.Build.0 = Debug|Any CPU
		{56156E8C-7792-D2CF-5F83-EF11FEEC19E5}.Debug|x86.ActiveCfg = Debug|Any CPU
		{56156E8C-7792-D2CF-5F83-EF11FEEC19E5}.Debug|x86.Build.0 = Debug|Any CPU
		{56156E8C-7792-D2CF-5F83-EF11FEEC19E5}.Release|Any CPU.ActiveCfg = Release|Any CPU
		{56156E8C-7792-D2CF-5F83-EF11FEEC19E5}.Release|Any CPU.Build.0 = Release|Any CPU
		{56156E8C-7792-D2CF-5F83-EF11FEEC19E5}.Release|x64.ActiveCfg = Release|Any CPU
		{56156E8C-7792-D2CF-5F83-EF11FEEC19E5}.Release|x64.Build.0 = Release|Any CPU
		{56156E8C-7792-D2CF-5F83-EF11FEEC19E5}.Release|x86.ActiveCfg = Release|Any CPU
		{56156E8C-7792-D2CF-5F83-EF11FEEC19E5}.Release|x86.Build.0 = Release|Any CPU
		{70676260-79F7-C7AA-1190-E1321B1CF959}.Debug|Any CPU.ActiveCfg = Debug|Any CPU
		{70676260-79F7-C7AA-1190-E1321B1CF959}.Debug|Any CPU.Build.0 = Debug|Any CPU
		{70676260-79F7-C7AA-1190-E1321B1CF959}.Debug|x64.ActiveCfg = Debug|Any CPU
		{70676260-79F7-C7AA-1190-E1321B1CF959}.Debug|x64.Build.0 = Debug|Any CPU
		{70676260-79F7-C7AA-1190-E1321B1CF959}.Debug|x86.ActiveCfg = Debug|Any CPU
		{70676260-79F7-C7AA-1190-E1321B1CF959}.Debug|x86.Build.0 = Debug|Any CPU
		{70676260-79F7-C7AA-1190-E1321B1CF959}.Release|Any CPU.ActiveCfg = Release|Any CPU
		{70676260-79F7-C7AA-1190-E1321B1CF959}.Release|Any CPU.Build.0 = Release|Any CPU
		{70676260-79F7-C7AA-1190-E1321B1CF959}.Release|x64.ActiveCfg = Release|Any CPU
		{70676260-79F7-C7AA-1190-E1321B1CF959}.Release|x64.Build.0 = Release|Any CPU
		{70676260-79F7-C7AA-1190-E1321B1CF959}.Release|x86.ActiveCfg = Release|Any CPU
		{70676260-79F7-C7AA-1190-E1321B1CF959}.Release|x86.Build.0 = Release|Any CPU
		{A52AA99B-C83A-4BA6-802F-7C5B407BEC1F}.Debug|Any CPU.ActiveCfg = Debug|Any CPU
		{A52AA99B-C83A-4BA6-802F-7C5B407BEC1F}.Debug|Any CPU.Build.0 = Debug|Any CPU
		{A52AA99B-C83A-4BA6-802F-7C5B407BEC1F}.Debug|x64.ActiveCfg = Debug|Any CPU
		{A52AA99B-C83A-4BA6-802F-7C5B407BEC1F}.Debug|x64.Build.0 = Debug|Any CPU
		{A52AA99B-C83A-4BA6-802F-7C5B407BEC1F}.Debug|x86.ActiveCfg = Debug|Any CPU
		{A52AA99B-C83A-4BA6-802F-7C5B407BEC1F}.Debug|x86.Build.0 = Debug|Any CPU
		{A52AA99B-C83A-4BA6-802F-7C5B407BEC1F}.Release|Any CPU.ActiveCfg = Release|Any CPU
		{A52AA99B-C83A-4BA6-802F-7C5B407BEC1F}.Release|Any CPU.Build.0 = Release|Any CPU
		{A52AA99B-C83A-4BA6-802F-7C5B407BEC1F}.Release|x64.ActiveCfg = Release|Any CPU
		{A52AA99B-C83A-4BA6-802F-7C5B407BEC1F}.Release|x64.Build.0 = Release|Any CPU
		{A52AA99B-C83A-4BA6-802F-7C5B407BEC1F}.Release|x86.ActiveCfg = Release|Any CPU
		{A52AA99B-C83A-4BA6-802F-7C5B407BEC1F}.Release|x86.Build.0 = Release|Any CPU
		{7BCEFC78-3A48-410A-87E2-D0E7A10631D7}.Debug|Any CPU.ActiveCfg = Debug|Any CPU
		{7BCEFC78-3A48-410A-87E2-D0E7A10631D7}.Debug|Any CPU.Build.0 = Debug|Any CPU
		{7BCEFC78-3A48-410A-87E2-D0E7A10631D7}.Debug|x64.ActiveCfg = Debug|Any CPU
		{7BCEFC78-3A48-410A-87E2-D0E7A10631D7}.Debug|x64.Build.0 = Debug|Any CPU
		{7BCEFC78-3A48-410A-87E2-D0E7A10631D7}.Debug|x86.ActiveCfg = Debug|Any CPU
		{7BCEFC78-3A48-410A-87E2-D0E7A10631D7}.Debug|x86.Build.0 = Debug|Any CPU
		{7BCEFC78-3A48-410A-87E2-D0E7A10631D7}.Release|Any CPU.ActiveCfg = Release|Any CPU
		{7BCEFC78-3A48-410A-87E2-D0E7A10631D7}.Release|Any CPU.Build.0 = Release|Any CPU
		{7BCEFC78-3A48-410A-87E2-D0E7A10631D7}.Release|x64.ActiveCfg = Release|Any CPU
		{7BCEFC78-3A48-410A-87E2-D0E7A10631D7}.Release|x64.Build.0 = Release|Any CPU
		{7BCEFC78-3A48-410A-87E2-D0E7A10631D7}.Release|x86.ActiveCfg = Release|Any CPU
		{7BCEFC78-3A48-410A-87E2-D0E7A10631D7}.Release|x86.Build.0 = Release|Any CPU
		{F95ECBE1-E707-4205-A26E-07D7A3DBD0A1}.Debug|Any CPU.ActiveCfg = Debug|Any CPU
		{F95ECBE1-E707-4205-A26E-07D7A3DBD0A1}.Debug|Any CPU.Build.0 = Debug|Any CPU
		{F95ECBE1-E707-4205-A26E-07D7A3DBD0A1}.Debug|x64.ActiveCfg = Debug|Any CPU
		{F95ECBE1-E707-4205-A26E-07D7A3DBD0A1}.Debug|x64.Build.0 = Debug|Any CPU
		{F95ECBE1-E707-4205-A26E-07D7A3DBD0A1}.Debug|x86.ActiveCfg = Debug|Any CPU
		{F95ECBE1-E707-4205-A26E-07D7A3DBD0A1}.Debug|x86.Build.0 = Debug|Any CPU
		{F95ECBE1-E707-4205-A26E-07D7A3DBD0A1}.Release|Any CPU.ActiveCfg = Release|Any CPU
		{F95ECBE1-E707-4205-A26E-07D7A3DBD0A1}.Release|Any CPU.Build.0 = Release|Any CPU
		{F95ECBE1-E707-4205-A26E-07D7A3DBD0A1}.Release|x64.ActiveCfg = Release|Any CPU
		{F95ECBE1-E707-4205-A26E-07D7A3DBD0A1}.Release|x64.Build.0 = Release|Any CPU
		{F95ECBE1-E707-4205-A26E-07D7A3DBD0A1}.Release|x86.ActiveCfg = Release|Any CPU
		{F95ECBE1-E707-4205-A26E-07D7A3DBD0A1}.Release|x86.Build.0 = Release|Any CPU
		{1981D93D-69EE-43B8-988F-46695BC4D96D}.Debug|Any CPU.ActiveCfg = Debug|Any CPU
		{1981D93D-69EE-43B8-988F-46695BC4D96D}.Debug|Any CPU.Build.0 = Debug|Any CPU
		{1981D93D-69EE-43B8-988F-46695BC4D96D}.Debug|x64.ActiveCfg = Debug|Any CPU
		{1981D93D-69EE-43B8-988F-46695BC4D96D}.Debug|x64.Build.0 = Debug|Any CPU
		{1981D93D-69EE-43B8-988F-46695BC4D96D}.Debug|x86.ActiveCfg = Debug|Any CPU
		{1981D93D-69EE-43B8-988F-46695BC4D96D}.Debug|x86.Build.0 = Debug|Any CPU
		{1981D93D-69EE-43B8-988F-46695BC4D96D}.Release|Any CPU.ActiveCfg = Release|Any CPU
		{1981D93D-69EE-43B8-988F-46695BC4D96D}.Release|Any CPU.Build.0 = Release|Any CPU
		{1981D93D-69EE-43B8-988F-46695BC4D96D}.Release|x64.ActiveCfg = Release|Any CPU
		{1981D93D-69EE-43B8-988F-46695BC4D96D}.Release|x64.Build.0 = Release|Any CPU
		{1981D93D-69EE-43B8-988F-46695BC4D96D}.Release|x86.ActiveCfg = Release|Any CPU
		{1981D93D-69EE-43B8-988F-46695BC4D96D}.Release|x86.Build.0 = Release|Any CPU
		{2B9F4E8A-7C3D-4A6F-9B1E-8D2F5A7C9E4B}.Debug|Any CPU.ActiveCfg = Debug|Any CPU
		{2B9F4E8A-7C3D-4A6F-9B1E-8D2F5A7C9E4B}.Debug|Any CPU.Build.0 = Debug|Any CPU
		{2B9F4E8A-7C3D-4A6F-9B1E-8D2F5A7C9E4B}.Debug|x64.ActiveCfg = Debug|Any CPU
		{2B9F4E8A-7C3D-4A6F-9B1E-8D2F5A7C9E4B}.Debug|x64.Build.0 = Debug|Any CPU
		{2B9F4E8A-7C3D-4A6F-9B1E-8D2F5A7C9E4B}.Debug|x86.ActiveCfg = Debug|Any CPU
		{2B9F4E8A-7C3D-4A6F-9B1E-8D2F5A7C9E4B}.Debug|x86.Build.0 = Debug|Any CPU
		{2B9F4E8A-7C3D-4A6F-9B1E-8D2F5A7C9E4B}.Release|Any CPU.ActiveCfg = Release|Any CPU
		{2B9F4E8A-7C3D-4A6F-9B1E-8D2F5A7C9E4B}.Release|Any CPU.Build.0 = Release|Any CPU
		{2B9F4E8A-7C3D-4A6F-9B1E-8D2F5A7C9E4B}.Release|x64.ActiveCfg = Release|Any CPU
		{2B9F4E8A-7C3D-4A6F-9B1E-8D2F5A7C9E4B}.Release|x64.Build.0 = Release|Any CPU
		{2B9F4E8A-7C3D-4A6F-9B1E-8D2F5A7C9E4B}.Release|x86.ActiveCfg = Release|Any CPU
		{2B9F4E8A-7C3D-4A6F-9B1E-8D2F5A7C9E4B}.Release|x86.Build.0 = Release|Any CPU
		{1ADDB92E-230A-418C-AF4E-F063F1D65E53}.Debug|Any CPU.ActiveCfg = Debug|Any CPU
		{1ADDB92E-230A-418C-AF4E-F063F1D65E53}.Debug|Any CPU.Build.0 = Debug|Any CPU
		{1ADDB92E-230A-418C-AF4E-F063F1D65E53}.Debug|x64.ActiveCfg = Debug|Any CPU
		{1ADDB92E-230A-418C-AF4E-F063F1D65E53}.Debug|x64.Build.0 = Debug|Any CPU
		{1ADDB92E-230A-418C-AF4E-F063F1D65E53}.Debug|x86.ActiveCfg = Debug|Any CPU
		{1ADDB92E-230A-418C-AF4E-F063F1D65E53}.Debug|x86.Build.0 = Debug|Any CPU
		{1ADDB92E-230A-418C-AF4E-F063F1D65E53}.Release|Any CPU.ActiveCfg = Release|Any CPU
		{1ADDB92E-230A-418C-AF4E-F063F1D65E53}.Release|Any CPU.Build.0 = Release|Any CPU
		{1ADDB92E-230A-418C-AF4E-F063F1D65E53}.Release|x64.ActiveCfg = Release|Any CPU
		{1ADDB92E-230A-418C-AF4E-F063F1D65E53}.Release|x64.Build.0 = Release|Any CPU
		{1ADDB92E-230A-418C-AF4E-F063F1D65E53}.Release|x86.ActiveCfg = Release|Any CPU
		{1ADDB92E-230A-418C-AF4E-F063F1D65E53}.Release|x86.Build.0 = Release|Any CPU
		{95D08379-9A09-4AE1-98B2-A6333064FBA0}.Debug|Any CPU.ActiveCfg = Debug|Any CPU
		{95D08379-9A09-4AE1-98B2-A6333064FBA0}.Debug|Any CPU.Build.0 = Debug|Any CPU
		{95D08379-9A09-4AE1-98B2-A6333064FBA0}.Debug|x64.ActiveCfg = Debug|Any CPU
		{95D08379-9A09-4AE1-98B2-A6333064FBA0}.Debug|x64.Build.0 = Debug|Any CPU
		{95D08379-9A09-4AE1-98B2-A6333064FBA0}.Debug|x86.ActiveCfg = Debug|Any CPU
		{95D08379-9A09-4AE1-98B2-A6333064FBA0}.Debug|x86.Build.0 = Debug|Any CPU
		{95D08379-9A09-4AE1-98B2-A6333064FBA0}.Release|Any CPU.ActiveCfg = Release|Any CPU
		{95D08379-9A09-4AE1-98B2-A6333064FBA0}.Release|Any CPU.Build.0 = Release|Any CPU
		{95D08379-9A09-4AE1-98B2-A6333064FBA0}.Release|x64.ActiveCfg = Release|Any CPU
		{95D08379-9A09-4AE1-98B2-A6333064FBA0}.Release|x64.Build.0 = Release|Any CPU
		{95D08379-9A09-4AE1-98B2-A6333064FBA0}.Release|x86.ActiveCfg = Release|Any CPU
		{95D08379-9A09-4AE1-98B2-A6333064FBA0}.Release|x86.Build.0 = Release|Any CPU
		{5297DB4E-F529-4671-91DE-81D64CA2FEB3}.Debug|Any CPU.ActiveCfg = Debug|Any CPU
		{5297DB4E-F529-4671-91DE-81D64CA2FEB3}.Debug|Any CPU.Build.0 = Debug|Any CPU
		{5297DB4E-F529-4671-91DE-81D64CA2FEB3}.Debug|x64.ActiveCfg = Debug|Any CPU
		{5297DB4E-F529-4671-91DE-81D64CA2FEB3}.Debug|x64.Build.0 = Debug|Any CPU
		{5297DB4E-F529-4671-91DE-81D64CA2FEB3}.Debug|x86.ActiveCfg = Debug|Any CPU
		{5297DB4E-F529-4671-91DE-81D64CA2FEB3}.Debug|x86.Build.0 = Debug|Any CPU
		{5297DB4E-F529-4671-91DE-81D64CA2FEB3}.Release|Any CPU.ActiveCfg = Release|Any CPU
		{5297DB4E-F529-4671-91DE-81D64CA2FEB3}.Release|Any CPU.Build.0 = Release|Any CPU
		{5297DB4E-F529-4671-91DE-81D64CA2FEB3}.Release|x64.ActiveCfg = Release|Any CPU
		{5297DB4E-F529-4671-91DE-81D64CA2FEB3}.Release|x64.Build.0 = Release|Any CPU
		{5297DB4E-F529-4671-91DE-81D64CA2FEB3}.Release|x86.ActiveCfg = Release|Any CPU
		{5297DB4E-F529-4671-91DE-81D64CA2FEB3}.Release|x86.Build.0 = Release|Any CPU
		{BEAF872C-C0C3-4905-8BAB-AD95C71FFE69}.Debug|Any CPU.ActiveCfg = Debug|Any CPU
		{BEAF872C-C0C3-4905-8BAB-AD95C71FFE69}.Debug|Any CPU.Build.0 = Debug|Any CPU
		{BEAF872C-C0C3-4905-8BAB-AD95C71FFE69}.Debug|x64.ActiveCfg = Debug|Any CPU
		{BEAF872C-C0C3-4905-8BAB-AD95C71FFE69}.Debug|x64.Build.0 = Debug|Any CPU
		{BEAF872C-C0C3-4905-8BAB-AD95C71FFE69}.Debug|x86.ActiveCfg = Debug|Any CPU
		{BEAF872C-C0C3-4905-8BAB-AD95C71FFE69}.Debug|x86.Build.0 = Debug|Any CPU
		{BEAF872C-C0C3-4905-8BAB-AD95C71FFE69}.Release|Any CPU.ActiveCfg = Release|Any CPU
		{BEAF872C-C0C3-4905-8BAB-AD95C71FFE69}.Release|Any CPU.Build.0 = Release|Any CPU
		{BEAF872C-C0C3-4905-8BAB-AD95C71FFE69}.Release|x64.ActiveCfg = Release|Any CPU
		{BEAF872C-C0C3-4905-8BAB-AD95C71FFE69}.Release|x64.Build.0 = Release|Any CPU
		{BEAF872C-C0C3-4905-8BAB-AD95C71FFE69}.Release|x86.ActiveCfg = Release|Any CPU
		{BEAF872C-C0C3-4905-8BAB-AD95C71FFE69}.Release|x86.Build.0 = Release|Any CPU
		{3BAFA074-A468-4646-9245-A346420EEB86}.Debug|Any CPU.ActiveCfg = Debug|Any CPU
		{3BAFA074-A468-4646-9245-A346420EEB86}.Debug|Any CPU.Build.0 = Debug|Any CPU
		{3BAFA074-A468-4646-9245-A346420EEB86}.Debug|x64.ActiveCfg = Debug|Any CPU
		{3BAFA074-A468-4646-9245-A346420EEB86}.Debug|x64.Build.0 = Debug|Any CPU
		{3BAFA074-A468-4646-9245-A346420EEB86}.Debug|x86.ActiveCfg = Debug|Any CPU
		{3BAFA074-A468-4646-9245-A346420EEB86}.Debug|x86.Build.0 = Debug|Any CPU
		{3BAFA074-A468-4646-9245-A346420EEB86}.Release|Any CPU.ActiveCfg = Release|Any CPU
		{3BAFA074-A468-4646-9245-A346420EEB86}.Release|Any CPU.Build.0 = Release|Any CPU
		{3BAFA074-A468-4646-9245-A346420EEB86}.Release|x64.ActiveCfg = Release|Any CPU
		{3BAFA074-A468-4646-9245-A346420EEB86}.Release|x64.Build.0 = Release|Any CPU
		{3BAFA074-A468-4646-9245-A346420EEB86}.Release|x86.ActiveCfg = Release|Any CPU
		{3BAFA074-A468-4646-9245-A346420EEB86}.Release|x86.Build.0 = Release|Any CPU
		{BF30EC4B-5CB8-4A5C-9365-3406FC2F42C2}.Debug|Any CPU.ActiveCfg = Debug|Any CPU
		{BF30EC4B-5CB8-4A5C-9365-3406FC2F42C2}.Debug|Any CPU.Build.0 = Debug|Any CPU
		{BF30EC4B-5CB8-4A5C-9365-3406FC2F42C2}.Debug|x64.ActiveCfg = Debug|Any CPU
		{BF30EC4B-5CB8-4A5C-9365-3406FC2F42C2}.Debug|x64.Build.0 = Debug|Any CPU
		{BF30EC4B-5CB8-4A5C-9365-3406FC2F42C2}.Debug|x86.ActiveCfg = Debug|Any CPU
		{BF30EC4B-5CB8-4A5C-9365-3406FC2F42C2}.Debug|x86.Build.0 = Debug|Any CPU
		{BF30EC4B-5CB8-4A5C-9365-3406FC2F42C2}.Release|Any CPU.ActiveCfg = Release|Any CPU
		{BF30EC4B-5CB8-4A5C-9365-3406FC2F42C2}.Release|Any CPU.Build.0 = Release|Any CPU
		{BF30EC4B-5CB8-4A5C-9365-3406FC2F42C2}.Release|x64.ActiveCfg = Release|Any CPU
		{BF30EC4B-5CB8-4A5C-9365-3406FC2F42C2}.Release|x64.Build.0 = Release|Any CPU
		{BF30EC4B-5CB8-4A5C-9365-3406FC2F42C2}.Release|x86.ActiveCfg = Release|Any CPU
		{BF30EC4B-5CB8-4A5C-9365-3406FC2F42C2}.Release|x86.Build.0 = Release|Any CPU
		{DABED42D-FDEB-4110-9B1D-CC22D23A6594}.Debug|Any CPU.ActiveCfg = Debug|Any CPU
		{DABED42D-FDEB-4110-9B1D-CC22D23A6594}.Debug|Any CPU.Build.0 = Debug|Any CPU
		{DABED42D-FDEB-4110-9B1D-CC22D23A6594}.Debug|x64.ActiveCfg = Debug|Any CPU
		{DABED42D-FDEB-4110-9B1D-CC22D23A6594}.Debug|x64.Build.0 = Debug|Any CPU
		{DABED42D-FDEB-4110-9B1D-CC22D23A6594}.Debug|x86.ActiveCfg = Debug|Any CPU
		{DABED42D-FDEB-4110-9B1D-CC22D23A6594}.Debug|x86.Build.0 = Debug|Any CPU
		{DABED42D-FDEB-4110-9B1D-CC22D23A6594}.Release|Any CPU.ActiveCfg = Release|Any CPU
		{DABED42D-FDEB-4110-9B1D-CC22D23A6594}.Release|Any CPU.Build.0 = Release|Any CPU
		{DABED42D-FDEB-4110-9B1D-CC22D23A6594}.Release|x64.ActiveCfg = Release|Any CPU
		{DABED42D-FDEB-4110-9B1D-CC22D23A6594}.Release|x64.Build.0 = Release|Any CPU
		{DABED42D-FDEB-4110-9B1D-CC22D23A6594}.Release|x86.ActiveCfg = Release|Any CPU
		{DABED42D-FDEB-4110-9B1D-CC22D23A6594}.Release|x86.Build.0 = Release|Any CPU
		{3E0E39F2-9A87-47CF-8494-19884DB89EDD}.Debug|Any CPU.ActiveCfg = Debug|Any CPU
		{3E0E39F2-9A87-47CF-8494-19884DB89EDD}.Debug|Any CPU.Build.0 = Debug|Any CPU
		{3E0E39F2-9A87-47CF-8494-19884DB89EDD}.Debug|x64.ActiveCfg = Debug|Any CPU
		{3E0E39F2-9A87-47CF-8494-19884DB89EDD}.Debug|x64.Build.0 = Debug|Any CPU
		{3E0E39F2-9A87-47CF-8494-19884DB89EDD}.Debug|x86.ActiveCfg = Debug|Any CPU
		{3E0E39F2-9A87-47CF-8494-19884DB89EDD}.Debug|x86.Build.0 = Debug|Any CPU
		{3E0E39F2-9A87-47CF-8494-19884DB89EDD}.Release|Any CPU.ActiveCfg = Release|Any CPU
		{3E0E39F2-9A87-47CF-8494-19884DB89EDD}.Release|Any CPU.Build.0 = Release|Any CPU
		{3E0E39F2-9A87-47CF-8494-19884DB89EDD}.Release|x64.ActiveCfg = Release|Any CPU
		{3E0E39F2-9A87-47CF-8494-19884DB89EDD}.Release|x64.Build.0 = Release|Any CPU
		{3E0E39F2-9A87-47CF-8494-19884DB89EDD}.Release|x86.ActiveCfg = Release|Any CPU
		{3E0E39F2-9A87-47CF-8494-19884DB89EDD}.Release|x86.Build.0 = Release|Any CPU
		{0AB0977F-DF28-4BA8-8A28-4FDA4A59317E}.Debug|Any CPU.ActiveCfg = Debug|Any CPU
		{0AB0977F-DF28-4BA8-8A28-4FDA4A59317E}.Debug|Any CPU.Build.0 = Debug|Any CPU
		{0AB0977F-DF28-4BA8-8A28-4FDA4A59317E}.Debug|x64.ActiveCfg = Debug|Any CPU
		{0AB0977F-DF28-4BA8-8A28-4FDA4A59317E}.Debug|x64.Build.0 = Debug|Any CPU
		{0AB0977F-DF28-4BA8-8A28-4FDA4A59317E}.Debug|x86.ActiveCfg = Debug|Any CPU
		{0AB0977F-DF28-4BA8-8A28-4FDA4A59317E}.Debug|x86.Build.0 = Debug|Any CPU
		{0AB0977F-DF28-4BA8-8A28-4FDA4A59317E}.Release|Any CPU.ActiveCfg = Release|Any CPU
		{0AB0977F-DF28-4BA8-8A28-4FDA4A59317E}.Release|Any CPU.Build.0 = Release|Any CPU
		{0AB0977F-DF28-4BA8-8A28-4FDA4A59317E}.Release|x64.ActiveCfg = Release|Any CPU
		{0AB0977F-DF28-4BA8-8A28-4FDA4A59317E}.Release|x64.Build.0 = Release|Any CPU
		{0AB0977F-DF28-4BA8-8A28-4FDA4A59317E}.Release|x86.ActiveCfg = Release|Any CPU
		{0AB0977F-DF28-4BA8-8A28-4FDA4A59317E}.Release|x86.Build.0 = Release|Any CPU
		{403887B1-D9B6-4739-BF25-EFF7049F6ED3}.Debug|Any CPU.ActiveCfg = Debug|Any CPU
		{403887B1-D9B6-4739-BF25-EFF7049F6ED3}.Debug|Any CPU.Build.0 = Debug|Any CPU
		{403887B1-D9B6-4739-BF25-EFF7049F6ED3}.Debug|x64.ActiveCfg = Debug|Any CPU
		{403887B1-D9B6-4739-BF25-EFF7049F6ED3}.Debug|x64.Build.0 = Debug|Any CPU
		{403887B1-D9B6-4739-BF25-EFF7049F6ED3}.Debug|x86.ActiveCfg = Debug|Any CPU
		{403887B1-D9B6-4739-BF25-EFF7049F6ED3}.Debug|x86.Build.0 = Debug|Any CPU
		{403887B1-D9B6-4739-BF25-EFF7049F6ED3}.Release|Any CPU.ActiveCfg = Release|Any CPU
		{403887B1-D9B6-4739-BF25-EFF7049F6ED3}.Release|Any CPU.Build.0 = Release|Any CPU
		{403887B1-D9B6-4739-BF25-EFF7049F6ED3}.Release|x64.ActiveCfg = Release|Any CPU
		{403887B1-D9B6-4739-BF25-EFF7049F6ED3}.Release|x64.Build.0 = Release|Any CPU
		{403887B1-D9B6-4739-BF25-EFF7049F6ED3}.Release|x86.ActiveCfg = Release|Any CPU
		{403887B1-D9B6-4739-BF25-EFF7049F6ED3}.Release|x86.Build.0 = Release|Any CPU
		{9958DDD9-C74C-4CE2-B70C-0F61F43B36ED}.Debug|Any CPU.ActiveCfg = Debug|Any CPU
		{9958DDD9-C74C-4CE2-B70C-0F61F43B36ED}.Debug|Any CPU.Build.0 = Debug|Any CPU
		{9958DDD9-C74C-4CE2-B70C-0F61F43B36ED}.Debug|x64.ActiveCfg = Debug|Any CPU
		{9958DDD9-C74C-4CE2-B70C-0F61F43B36ED}.Debug|x64.Build.0 = Debug|Any CPU
		{9958DDD9-C74C-4CE2-B70C-0F61F43B36ED}.Debug|x86.ActiveCfg = Debug|Any CPU
		{9958DDD9-C74C-4CE2-B70C-0F61F43B36ED}.Debug|x86.Build.0 = Debug|Any CPU
		{9958DDD9-C74C-4CE2-B70C-0F61F43B36ED}.Release|Any CPU.ActiveCfg = Release|Any CPU
		{9958DDD9-C74C-4CE2-B70C-0F61F43B36ED}.Release|Any CPU.Build.0 = Release|Any CPU
		{9958DDD9-C74C-4CE2-B70C-0F61F43B36ED}.Release|x64.ActiveCfg = Release|Any CPU
		{9958DDD9-C74C-4CE2-B70C-0F61F43B36ED}.Release|x64.Build.0 = Release|Any CPU
		{9958DDD9-C74C-4CE2-B70C-0F61F43B36ED}.Release|x86.ActiveCfg = Release|Any CPU
		{9958DDD9-C74C-4CE2-B70C-0F61F43B36ED}.Release|x86.Build.0 = Release|Any CPU
		{C926B549-C210-4FFC-B446-1D889499D51D}.Debug|Any CPU.ActiveCfg = Debug|Any CPU
		{C926B549-C210-4FFC-B446-1D889499D51D}.Debug|Any CPU.Build.0 = Debug|Any CPU
		{C926B549-C210-4FFC-B446-1D889499D51D}.Debug|x64.ActiveCfg = Debug|Any CPU
		{C926B549-C210-4FFC-B446-1D889499D51D}.Debug|x64.Build.0 = Debug|Any CPU
		{C926B549-C210-4FFC-B446-1D889499D51D}.Debug|x86.ActiveCfg = Debug|Any CPU
		{C926B549-C210-4FFC-B446-1D889499D51D}.Debug|x86.Build.0 = Debug|Any CPU
		{C926B549-C210-4FFC-B446-1D889499D51D}.Release|Any CPU.ActiveCfg = Release|Any CPU
		{C926B549-C210-4FFC-B446-1D889499D51D}.Release|Any CPU.Build.0 = Release|Any CPU
		{C926B549-C210-4FFC-B446-1D889499D51D}.Release|x64.ActiveCfg = Release|Any CPU
		{C926B549-C210-4FFC-B446-1D889499D51D}.Release|x64.Build.0 = Release|Any CPU
		{C926B549-C210-4FFC-B446-1D889499D51D}.Release|x86.ActiveCfg = Release|Any CPU
		{C926B549-C210-4FFC-B446-1D889499D51D}.Release|x86.Build.0 = Release|Any CPU
		{EDB823DC-11F6-492B-9A26-E6B4DA770577}.Debug|Any CPU.ActiveCfg = Debug|Any CPU
		{EDB823DC-11F6-492B-9A26-E6B4DA770577}.Debug|Any CPU.Build.0 = Debug|Any CPU
		{EDB823DC-11F6-492B-9A26-E6B4DA770577}.Debug|x64.ActiveCfg = Debug|Any CPU
		{EDB823DC-11F6-492B-9A26-E6B4DA770577}.Debug|x64.Build.0 = Debug|Any CPU
		{EDB823DC-11F6-492B-9A26-E6B4DA770577}.Debug|x86.ActiveCfg = Debug|Any CPU
		{EDB823DC-11F6-492B-9A26-E6B4DA770577}.Debug|x86.Build.0 = Debug|Any CPU
		{EDB823DC-11F6-492B-9A26-E6B4DA770577}.Release|Any CPU.ActiveCfg = Release|Any CPU
		{EDB823DC-11F6-492B-9A26-E6B4DA770577}.Release|Any CPU.Build.0 = Release|Any CPU
		{EDB823DC-11F6-492B-9A26-E6B4DA770577}.Release|x64.ActiveCfg = Release|Any CPU
		{EDB823DC-11F6-492B-9A26-E6B4DA770577}.Release|x64.Build.0 = Release|Any CPU
		{EDB823DC-11F6-492B-9A26-E6B4DA770577}.Release|x86.ActiveCfg = Release|Any CPU
		{EDB823DC-11F6-492B-9A26-E6B4DA770577}.Release|x86.Build.0 = Release|Any CPU
		{61257670-60F9-408A-B16E-5B5715B9C86E}.Debug|Any CPU.ActiveCfg = Debug|Any CPU
		{61257670-60F9-408A-B16E-5B5715B9C86E}.Debug|Any CPU.Build.0 = Debug|Any CPU
		{61257670-60F9-408A-B16E-5B5715B9C86E}.Debug|x64.ActiveCfg = Debug|Any CPU
		{61257670-60F9-408A-B16E-5B5715B9C86E}.Debug|x64.Build.0 = Debug|Any CPU
		{61257670-60F9-408A-B16E-5B5715B9C86E}.Debug|x86.ActiveCfg = Debug|Any CPU
		{61257670-60F9-408A-B16E-5B5715B9C86E}.Debug|x86.Build.0 = Debug|Any CPU
		{61257670-60F9-408A-B16E-5B5715B9C86E}.Release|Any CPU.ActiveCfg = Release|Any CPU
		{61257670-60F9-408A-B16E-5B5715B9C86E}.Release|Any CPU.Build.0 = Release|Any CPU
		{61257670-60F9-408A-B16E-5B5715B9C86E}.Release|x64.ActiveCfg = Release|Any CPU
		{61257670-60F9-408A-B16E-5B5715B9C86E}.Release|x64.Build.0 = Release|Any CPU
		{61257670-60F9-408A-B16E-5B5715B9C86E}.Release|x86.ActiveCfg = Release|Any CPU
		{61257670-60F9-408A-B16E-5B5715B9C86E}.Release|x86.Build.0 = Release|Any CPU
		{56068132-E8BE-4CA9-ADAA-0A5A5BAA5811}.Debug|Any CPU.ActiveCfg = Debug|Any CPU
		{56068132-E8BE-4CA9-ADAA-0A5A5BAA5811}.Debug|Any CPU.Build.0 = Debug|Any CPU
		{56068132-E8BE-4CA9-ADAA-0A5A5BAA5811}.Debug|x64.ActiveCfg = Debug|Any CPU
		{56068132-E8BE-4CA9-ADAA-0A5A5BAA5811}.Debug|x64.Build.0 = Debug|Any CPU
		{56068132-E8BE-4CA9-ADAA-0A5A5BAA5811}.Debug|x86.ActiveCfg = Debug|Any CPU
		{56068132-E8BE-4CA9-ADAA-0A5A5BAA5811}.Debug|x86.Build.0 = Debug|Any CPU
		{56068132-E8BE-4CA9-ADAA-0A5A5BAA5811}.Release|Any CPU.ActiveCfg = Release|Any CPU
		{56068132-E8BE-4CA9-ADAA-0A5A5BAA5811}.Release|Any CPU.Build.0 = Release|Any CPU
		{56068132-E8BE-4CA9-ADAA-0A5A5BAA5811}.Release|x64.ActiveCfg = Release|Any CPU
		{56068132-E8BE-4CA9-ADAA-0A5A5BAA5811}.Release|x64.Build.0 = Release|Any CPU
		{56068132-E8BE-4CA9-ADAA-0A5A5BAA5811}.Release|x86.ActiveCfg = Release|Any CPU
		{56068132-E8BE-4CA9-ADAA-0A5A5BAA5811}.Release|x86.Build.0 = Release|Any CPU
		{F22B6670-A680-41EA-9BC3-A27CDBA0CD3F}.Debug|Any CPU.ActiveCfg = Debug|Any CPU
		{F22B6670-A680-41EA-9BC3-A27CDBA0CD3F}.Debug|Any CPU.Build.0 = Debug|Any CPU
		{F22B6670-A680-41EA-9BC3-A27CDBA0CD3F}.Debug|x64.ActiveCfg = Debug|Any CPU
		{F22B6670-A680-41EA-9BC3-A27CDBA0CD3F}.Debug|x64.Build.0 = Debug|Any CPU
		{F22B6670-A680-41EA-9BC3-A27CDBA0CD3F}.Debug|x86.ActiveCfg = Debug|Any CPU
		{F22B6670-A680-41EA-9BC3-A27CDBA0CD3F}.Debug|x86.Build.0 = Debug|Any CPU
		{F22B6670-A680-41EA-9BC3-A27CDBA0CD3F}.Release|Any CPU.ActiveCfg = Release|Any CPU
		{F22B6670-A680-41EA-9BC3-A27CDBA0CD3F}.Release|Any CPU.Build.0 = Release|Any CPU
		{F22B6670-A680-41EA-9BC3-A27CDBA0CD3F}.Release|x64.ActiveCfg = Release|Any CPU
		{F22B6670-A680-41EA-9BC3-A27CDBA0CD3F}.Release|x64.Build.0 = Release|Any CPU
		{F22B6670-A680-41EA-9BC3-A27CDBA0CD3F}.Release|x86.ActiveCfg = Release|Any CPU
		{F22B6670-A680-41EA-9BC3-A27CDBA0CD3F}.Release|x86.Build.0 = Release|Any CPU
	EndGlobalSection
	GlobalSection(SolutionProperties) = preSolution
		HideSolutionNode = FALSE
	EndGlobalSection
	GlobalSection(NestedProjects) = preSolution
		{3A86D9C5-F5BA-0513-26A0-68233B5FCE63} = {CA253913-39DE-BFD0-C9A3-4B7EC6FBDF17}
		{476EC9F0-CA13-7D30-0227-4D459B00612D} = {3A86D9C5-F5BA-0513-26A0-68233B5FCE63}
		{184199B9-F81F-9705-35FB-F524861541FB} = {3A86D9C5-F5BA-0513-26A0-68233B5FCE63}
		{56156E8C-7792-D2CF-5F83-EF11FEEC19E5} = {3A86D9C5-F5BA-0513-26A0-68233B5FCE63}
		{70676260-79F7-C7AA-1190-E1321B1CF959} = {3A86D9C5-F5BA-0513-26A0-68233B5FCE63}
		{5D27AFBD-1390-4F26-9DF1-2FD2A608875D} = {CA253913-39DE-BFD0-C9A3-4B7EC6FBDF17}
		{A52AA99B-C83A-4BA6-802F-7C5B407BEC1F} = {5D27AFBD-1390-4F26-9DF1-2FD2A608875D}
		{7BCEFC78-3A48-410A-87E2-D0E7A10631D7} = {5D27AFBD-1390-4F26-9DF1-2FD2A608875D}
		{F95ECBE1-E707-4205-A26E-07D7A3DBD0A1} = {5D27AFBD-1390-4F26-9DF1-2FD2A608875D}
		{1981D93D-69EE-43B8-988F-46695BC4D96D} = {5D27AFBD-1390-4F26-9DF1-2FD2A608875D}
		{C8F5B7E2-4A9E-4D1F-8E6C-5D7F9A2B3C4D} = {CA253913-39DE-BFD0-C9A3-4B7EC6FBDF17}
		{2B9F4E8A-7C3D-4A6F-9B1E-8D2F5A7C9E4B} = {C8F5B7E2-4A9E-4D1F-8E6C-5D7F9A2B3C4D}
		{95D08379-9A09-4AE1-98B2-A6333064FBA0} = {C8F5B7E2-4A9E-4D1F-8E6C-5D7F9A2B3C4D}
		{5297DB4E-F529-4671-91DE-81D64CA2FEB3} = {C8F5B7E2-4A9E-4D1F-8E6C-5D7F9A2B3C4D}
		{BEAF872C-C0C3-4905-8BAB-AD95C71FFE69} = {C8F5B7E2-4A9E-4D1F-8E6C-5D7F9A2B3C4D}
		{9E9B8927-7ED6-BD16-1E2E-5A45ADAE077E} = {CA253913-39DE-BFD0-C9A3-4B7EC6FBDF17}
		{3BAFA074-A468-4646-9245-A346420EEB86} = {9E9B8927-7ED6-BD16-1E2E-5A45ADAE077E}
		{BF30EC4B-5CB8-4A5C-9365-3406FC2F42C2} = {9E9B8927-7ED6-BD16-1E2E-5A45ADAE077E}
		{DABED42D-FDEB-4110-9B1D-CC22D23A6594} = {9E9B8927-7ED6-BD16-1E2E-5A45ADAE077E}
		{3E0E39F2-9A87-47CF-8494-19884DB89EDD} = {9E9B8927-7ED6-BD16-1E2E-5A45ADAE077E}
		{CBC568FD-4336-E47F-BC83-B1ED3203F5D4} = {CA253913-39DE-BFD0-C9A3-4B7EC6FBDF17}
		{0AB0977F-DF28-4BA8-8A28-4FDA4A59317E} = {CBC568FD-4336-E47F-BC83-B1ED3203F5D4}
		{403887B1-D9B6-4739-BF25-EFF7049F6ED3} = {CBC568FD-4336-E47F-BC83-B1ED3203F5D4}
		{9958DDD9-C74C-4CE2-B70C-0F61F43B36ED} = {CBC568FD-4336-E47F-BC83-B1ED3203F5D4}
		{C926B549-C210-4FFC-B446-1D889499D51D} = {CBC568FD-4336-E47F-BC83-B1ED3203F5D4}
		{855F6F12-520B-2914-DEA7-15C6015F1290} = {CA253913-39DE-BFD0-C9A3-4B7EC6FBDF17}
		{EDB823DC-11F6-492B-9A26-E6B4DA770577} = {855F6F12-520B-2914-DEA7-15C6015F1290}
		{61257670-60F9-408A-B16E-5B5715B9C86E} = {855F6F12-520B-2914-DEA7-15C6015F1290}
		{56068132-E8BE-4CA9-ADAA-0A5A5BAA5811} = {855F6F12-520B-2914-DEA7-15C6015F1290}
		{F22B6670-A680-41EA-9BC3-A27CDBA0CD3F} = {855F6F12-520B-2914-DEA7-15C6015F1290}
	EndGlobalSection
	GlobalSection(ExtensibilityGlobals) = postSolution
		SolutionGuid = {56BE404A-8B36-4585-BCD1-5D56C184EF0A}
	EndGlobalSection
EndGlobal
