
Microsoft Visual Studio Solution File, Format Version 12.00
# Visual Studio Version 17
VisualStudioVersion = 17.5.2.0
MinimumVisualStudioVersion = 10.0.40219.1
Project("{FAE04EC0-301F-11D3-BF4B-00C04F79EFBC}") = "Tems.Host", "Tems.Host\Tems.Host.csproj", "{48419733-7CD5-7189-CA0A-5E9EFD8D0E69}"
EndProject
Project("{FAE04EC0-301F-11D3-BF4B-00C04F79EFBC}") = "Tems.Common", "Tems.Common\Tems.Common.csproj", "{A1B2C3D4-E5F6-7890-1234-56789ABCDEF0}"
EndProject
Project("{2150E333-8FDC-42A3-9474-1A3956D46DE8}") = "Modules", "Modules", "{CA253913-39DE-BFD0-C9A3-4B7EC6FBDF17}"
EndProject
Project("{2150E333-8FDC-42A3-9474-1A3956D46DE8}") = "Example", "Example", "{3A86D9C5-F5BA-0513-26A0-68233B5FCE63}"
EndProject
Project("{FAE04EC0-301F-11D3-BF4B-00C04F79EFBC}") = "Example.Application", "Modules\Example\Example.Application\Example.Application.csproj", "{476EC9F0-CA13-7D30-0227-4D459B00612D}"
EndProject
Project("{FAE04EC0-301F-11D3-BF4B-00C04F79EFBC}") = "Example.API", "Modules\Example\Example.API\Example.API.csproj", "{184199B9-F81F-9705-35FB-F524861541FB}"
EndProject
Project("{FAE04EC0-301F-11D3-BF4B-00C04F79EFBC}") = "Example.Contract", "Modules\Example\Example.Contract\Example.Contract.csproj", "{56156E8C-7792-D2CF-5F83-EF11FEEC19E5}"
EndProject
Project("{FAE04EC0-301F-11D3-BF4B-00C04F79EFBC}") = "Example.Infrastructure", "Modules\Example\Example.Infrastructure\Example.Infrastructure.csproj", "{70676260-79F7-C7AA-1190-E1321B1CF959}"
EndProject
Project("{2150E333-8FDC-42A3-9474-1A3956D46DE8}") = "AssetManagement", "AssetManagement", "{5D27AFBD-1390-4F26-9DF1-2FD2A608875D}"
EndProject
Project("{FAE04EC0-301F-11D3-BF4B-00C04F79EFBC}") = "AssetManagement.API", "Modules\AssetManagement\AssetManagement.API\AssetManagement.API.csproj", "{A52AA99B-C83A-4BA6-802F-7C5B407BEC1F}"
EndProject
Project("{FAE04EC0-301F-11D3-BF4B-00C04F79EFBC}") = "AssetManagement.Application", "Modules\AssetManagement\AssetManagement.Application\AssetManagement.Application.csproj", "{7BCEFC78-3A48-410A-87E2-D0E7A10631D7}"
EndProject
Project("{FAE04EC0-301F-11D3-BF4B-00C04F79EFBC}") = "AssetManagement.Contract", "Modules\AssetManagement\AssetManagement.Contract\AssetManagement.Contract.csproj", "{F95ECBE1-E707-4205-A26E-07D7A3DBD0A1}"
EndProject
Project("{FAE04EC0-301F-11D3-BF4B-00C04F79EFBC}") = "AssetManagement.Infrastructure", "Modules\AssetManagement\AssetManagement.Infrastructure\AssetManagement.Infrastructure.csproj", "{1981D93D-69EE-43B8-988F-46695BC4D96D}"
EndProject
Project("{2150E333-8FDC-42A3-9474-1A3956D46DE8}") = "TicketManagement", "TicketManagement", "{C8F5B7E2-4A9E-4D1F-8E6C-5D7F9A2B3C4D}"
EndProject
Project("{FAE04EC0-301F-11D3-BF4B-00C04F79EFBC}") = "TicketManagement.API", "Modules\TicketManagement\TicketManagement.API\TicketManagement.API.csproj", "{2B9F4E8A-7C3D-4A6F-9B1E-8D2F5A7C9E4B}"
EndProject
Project("{FAE04EC0-301F-11D3-BF4B-00C04F79EFBC}") = "Tems.IdentityServer", "Tems.IdentityServer\Tems.IdentityServer.csproj", "{1ADDB92E-230A-418C-AF4E-F063F1D65E53}"
EndProject

EndProject
Project("{FAE04EC0-301F-11D3-BF4B-00C04F79EFBC}") = "TicketManagement.Application", "Modules\TicketManagement\TicketManagement.Application\TicketManagement.Application.csproj", "{95D08379-9A09-4AE1-98B2-A6333064FBA0}"
EndProject
Project("{FAE04EC0-301F-11D3-BF4B-00C04F79EFBC}") = "TicketManagement.Contract", "Modules\TicketManagement\TicketManagement.Contract\TicketManagement.Contract.csproj", "{5297DB4E-F529-4671-91DE-81D64CA2FEB3}"
EndProject
Project("{FAE04EC0-301F-11D3-BF4B-00C04F79EFBC}") = "TicketManagement.Infrastructure", "Modules\TicketManagement\TicketManagement.Infrastructure\TicketManagement.Infrastructure.csproj", "{BEAF872C-C0C3-4905-8BAB-AD95C71FFE69}"
EndProject

EndProject
Global
	GlobalSection(SolutionConfigurationPlatforms) = preSolution
		Debug|Any CPU = Debug|Any CPU
		Debug|x64 = Debug|x64
		Debug|x86 = Debug|x86
		Release|Any CPU = Release|Any CPU
		Release|x64 = Release|x64
		Release|x86 = Release|x86
	EndGlobalSection
	GlobalSection(ProjectConfigurationPlatforms) = postSolution
		{48419733-7CD5-7189-CA0A-5E9EFD8D0E69}.Debug|Any CPU.ActiveCfg = Debug|Any CPU
		{48419733-7CD5-7189-CA0A-5E9EFD8D0E69}.Debug|Any CPU.Build.0 = Debug|Any CPU
		{48419733-7CD5-7189-CA0A-5E9EFD8D0E69}.Debug|x64.ActiveCfg = Debug|Any CPU
		{48419733-7CD5-7189-CA0A-5E9EFD8D0E69}.Debug|x64.Build.0 = Debug|Any CPU
		{48419733-7CD5-7189-CA0A-5E9EFD8D0E69}.Debug|x86.ActiveCfg = Debug|Any CPU
		{48419733-7CD5-7189-CA0A-5E9EFD8D0E69}.Debug|x86.Build.0 = Debug|Any CPU
		{48419733-7CD5-7189-CA0A-5E9EFD8D0E69}.Release|Any CPU.ActiveCfg = Release|Any CPU
		{48419733-7CD5-7189-CA0A-5E9EFD8D0E69}.Release|Any CPU.Build.0 = Release|Any CPU
		{48419733-7CD5-7189-CA0A-5E9EFD8D0E69}.Release|x64.ActiveCfg = Release|Any CPU
		{48419733-7CD5-7189-CA0A-5E9EFD8D0E69}.Release|x64.Build.0 = Release|Any CPU
		{48419733-7CD5-7189-CA0A-5E9EFD8D0E69}.Release|x86.ActiveCfg = Release|Any CPU
		{48419733-7CD5-7189-CA0A-5E9EFD8D0E69}.Release|x86.Build.0 = Release|Any CPU
		{A1B2C3D4-E5F6-7890-1234-56789ABCDEF0}.Debug|Any CPU.ActiveCfg = Debug|Any CPU
		{A1B2C3D4-E5F6-7890-1234-56789ABCDEF0}.Debug|Any CPU.Build.0 = Debug|Any CPU
		{A1B2C3D4-E5F6-7890-1234-56789ABCDEF0}.Debug|x64.ActiveCfg = Debug|Any CPU
		{A1B2C3D4-E5F6-7890-1234-56789ABCDEF0}.Debug|x64.Build.0 = Debug|Any CPU
		{A1B2C3D4-E5F6-7890-1234-56789ABCDEF0}.Debug|x86.ActiveCfg = Debug|Any CPU
		{A1B2C3D4-E5F6-7890-1234-56789ABCDEF0}.Debug|x86.Build.0 = Debug|Any CPU
		{A1B2C3D4-E5F6-7890-1234-56789ABCDEF0}.Release|Any CPU.ActiveCfg = Release|Any CPU
		{A1B2C3D4-E5F6-7890-1234-56789ABCDEF0}.Release|Any CPU.Build.0 = Release|Any CPU
		{A1B2C3D4-E5F6-7890-1234-56789ABCDEF0}.Release|x64.ActiveCfg = Release|Any CPU
		{A1B2C3D4-E5F6-7890-1234-56789ABCDEF0}.Release|x64.Build.0 = Release|Any CPU
		{A1B2C3D4-E5F6-7890-1234-56789ABCDEF0}.Release|x86.ActiveCfg = Release|Any CPU
		{A1B2C3D4-E5F6-7890-1234-56789ABCDEF0}.Release|x86.Build.0 = Release|Any CPU
		{476EC9F0-CA13-7D30-0227-4D459B00612D}.Debug|Any CPU.ActiveCfg = Debug|Any CPU
		{476EC9F0-CA13-7D30-0227-4D459B00612D}.Debug|Any CPU.Build.0 = Debug|Any CPU
		{476EC9F0-CA13-7D30-0227-4D459B00612D}.Debug|x64.ActiveCfg = Debug|Any CPU
		{476EC9F0-CA13-7D30-0227-4D459B00612D}.Debug|x64.Build.0 = Debug|Any CPU
		{476EC9F0-CA13-7D30-0227-4D459B00612D}.Debug|x86.ActiveCfg = Debug|Any CPU
		{476EC9F0-CA13-7D30-0227-4D459B00612D}.Debug|x86.Build.0 = Debug|Any CPU
		{476EC9F0-CA13-7D30-0227-4D459B00612D}.Release|Any CPU.ActiveCfg = Release|Any CPU
		{476EC9F0-CA13-7D30-0227-4D459B00612D}.Release|Any CPU.Build.0 = Release|Any CPU
		{476EC9F0-CA13-7D30-0227-4D459B00612D}.Release|x64.ActiveCfg = Release|Any CPU
		{476EC9F0-CA13-7D30-0227-4D459B00612D}.Release|x64.Build.0 = Release|Any CPU
		{476EC9F0-CA13-7D30-0227-4D459B00612D}.Release|x86.ActiveCfg = Release|Any CPU
		{476EC9F0-CA13-7D30-0227-4D459B00612D}.Release|x86.Build.0 = Release|Any CPU
		{184199B9-F81F-9705-35FB-F524861541FB}.Debug|Any CPU.ActiveCfg = Debug|Any CPU
		{184199B9-F81F-9705-35FB-F524861541FB}.Debug|Any CPU.Build.0 = Debug|Any CPU
		{184199B9-F81F-9705-35FB-F524861541FB}.Debug|x64.ActiveCfg = Debug|Any CPU
		{184199B9-F81F-9705-35FB-F524861541FB}.Debug|x64.Build.0 = Debug|Any CPU
		{184199B9-F81F-9705-35FB-F524861541FB}.Debug|x86.ActiveCfg = Debug|Any CPU
		{184199B9-F81F-9705-35FB-F524861541FB}.Debug|x86.Build.0 = Debug|Any CPU
		{184199B9-F81F-9705-35FB-F524861541FB}.Release|Any CPU.ActiveCfg = Release|Any CPU
		{184199B9-F81F-9705-35FB-F524861541FB}.Release|Any CPU.Build.0 = Release|Any CPU
		{184199B9-F81F-9705-35FB-F524861541FB}.Release|x64.ActiveCfg = Release|Any CPU
		{184199B9-F81F-9705-35FB-F524861541FB}.Release|x64.Build.0 = Release|Any CPU
		{184199B9-F81F-9705-35FB-F524861541FB}.Release|x86.ActiveCfg = Release|Any CPU
		{184199B9-F81F-9705-35FB-F524861541FB}.Release|x86.Build.0 = Release|Any CPU
		{56156E8C-7792-D2CF-5F83-EF11FEEC19E5}.Debug|Any CPU.ActiveCfg = Debug|Any CPU
		{56156E8C-7792-D2CF-5F83-EF11FEEC19E5}.Debug|Any CPU.Build.0 = Debug|Any CPU
		{56156E8C-7792-D2CF-5F83-EF11FEEC19E5}.Debug|x64.ActiveCfg = Debug|Any CPU
		{56156E8C-7792-D2CF-5F83-EF11FEEC19E5}.Debug|x64.Build.0 = Debug|Any CPU
		{56156E8C-7792-D2CF-5F83-EF11FEEC19E5}.Debug|x86.ActiveCfg = Debug|Any CPU
		{56156E8C-7792-D2CF-5F83-EF11FEEC19E5}.Debug|x86.Build.0 = Debug|Any CPU
		{56156E8C-7792-D2CF-5F83-EF11FEEC19E5}.Release|Any CPU.ActiveCfg = Release|Any CPU
		{56156E8C-7792-D2CF-5F83-EF11FEEC19E5}.Release|Any CPU.Build.0 = Release|Any CPU
		{56156E8C-7792-D2CF-5F83-EF11FEEC19E5}.Release|x64.ActiveCfg = Release|Any CPU
		{56156E8C-7792-D2CF-5F83-EF11FEEC19E5}.Release|x64.Build.0 = Release|Any CPU
		{56156E8C-7792-D2CF-5F83-EF11FEEC19E5}.Release|x86.ActiveCfg = Release|Any CPU
		{56156E8C-7792-D2CF-5F83-EF11FEEC19E5}.Release|x86.Build.0 = Release|Any CPU
		{70676260-79F7-C7AA-1190-E1321B1CF959}.Debug|Any CPU.ActiveCfg = Debug|Any CPU
		{70676260-79F7-C7AA-1190-E1321B1CF959}.Debug|Any CPU.Build.0 = Debug|Any CPU
		{70676260-79F7-C7AA-1190-E1321B1CF959}.Debug|x64.ActiveCfg = Debug|Any CPU
		{70676260-79F7-C7AA-1190-E1321B1CF959}.Debug|x64.Build.0 = Debug|Any CPU
		{70676260-79F7-C7AA-1190-E1321B1CF959}.Debug|x86.ActiveCfg = Debug|Any CPU
		{70676260-79F7-C7AA-1190-E1321B1CF959}.Debug|x86.Build.0 = Debug|Any CPU
		{70676260-79F7-C7AA-1190-E1321B1CF959}.Release|Any CPU.ActiveCfg = Release|Any CPU
		{70676260-79F7-C7AA-1190-E1321B1CF959}.Release|Any CPU.Build.0 = Release|Any CPU
		{70676260-79F7-C7AA-1190-E1321B1CF959}.Release|x64.ActiveCfg = Release|Any CPU
		{70676260-79F7-C7AA-1190-E1321B1CF959}.Release|x64.Build.0 = Release|Any CPU
		{70676260-79F7-C7AA-1190-E1321B1CF959}.Release|x86.ActiveCfg = Release|Any CPU
		{70676260-79F7-C7AA-1190-E1321B1CF959}.Release|x86.Build.0 = Release|Any CPU
		{A52AA99B-C83A-4BA6-802F-7C5B407BEC1F}.Debug|Any CPU.ActiveCfg = Debug|Any CPU
		{A52AA99B-C83A-4BA6-802F-7C5B407BEC1F}.Debug|Any CPU.Build.0 = Debug|Any CPU
		{A52AA99B-C83A-4BA6-802F-7C5B407BEC1F}.Debug|x64.ActiveCfg = Debug|Any CPU
		{A52AA99B-C83A-4BA6-802F-7C5B407BEC1F}.Debug|x64.Build.0 = Debug|Any CPU
		{A52AA99B-C83A-4BA6-802F-7C5B407BEC1F}.Debug|x86.ActiveCfg = Debug|Any CPU
		{A52AA99B-C83A-4BA6-802F-7C5B407BEC1F}.Debug|x86.Build.0 = Debug|Any CPU
		{A52AA99B-C83A-4BA6-802F-7C5B407BEC1F}.Release|Any CPU.ActiveCfg = Release|Any CPU
		{A52AA99B-C83A-4BA6-802F-7C5B407BEC1F}.Release|Any CPU.Build.0 = Release|Any CPU
		{A52AA99B-C83A-4BA6-802F-7C5B407BEC1F}.Release|x64.ActiveCfg = Release|Any CPU
		{A52AA99B-C83A-4BA6-802F-7C5B407BEC1F}.Release|x64.Build.0 = Release|Any CPU
		{A52AA99B-C83A-4BA6-802F-7C5B407BEC1F}.Release|x86.ActiveCfg = Release|Any CPU
		{A52AA99B-C83A-4BA6-802F-7C5B407BEC1F}.Release|x86.Build.0 = Release|Any CPU
		{7BCEFC78-3A48-410A-87E2-D0E7A10631D7}.Debug|Any CPU.ActiveCfg = Debug|Any CPU
		{7BCEFC78-3A48-410A-87E2-D0E7A10631D7}.Debug|Any CPU.Build.0 = Debug|Any CPU
		{7BCEFC78-3A48-410A-87E2-D0E7A10631D7}.Debug|x64.ActiveCfg = Debug|Any CPU
		{7BCEFC78-3A48-410A-87E2-D0E7A10631D7}.Debug|x64.Build.0 = Debug|Any CPU
		{7BCEFC78-3A48-410A-87E2-D0E7A10631D7}.Debug|x86.ActiveCfg = Debug|Any CPU
		{7BCEFC78-3A48-410A-87E2-D0E7A10631D7}.Debug|x86.Build.0 = Debug|Any CPU
		{7BCEFC78-3A48-410A-87E2-D0E7A10631D7}.Release|Any CPU.ActiveCfg = Release|Any CPU
		{7BCEFC78-3A48-410A-87E2-D0E7A10631D7}.Release|Any CPU.Build.0 = Release|Any CPU
		{7BCEFC78-3A48-410A-87E2-D0E7A10631D7}.Release|x64.ActiveCfg = Release|Any CPU
		{7BCEFC78-3A48-410A-87E2-D0E7A10631D7}.Release|x64.Build.0 = Release|Any CPU
		{7BCEFC78-3A48-410A-87E2-D0E7A10631D7}.Release|x86.ActiveCfg = Release|Any CPU
		{7BCEFC78-3A48-410A-87E2-D0E7A10631D7}.Release|x86.Build.0 = Release|Any CPU
		{F95ECBE1-E707-4205-A26E-07D7A3DBD0A1}.Debug|Any CPU.ActiveCfg = Debug|Any CPU
		{F95ECBE1-E707-4205-A26E-07D7A3DBD0A1}.Debug|Any CPU.Build.0 = Debug|Any CPU
		{F95ECBE1-E707-4205-A26E-07D7A3DBD0A1}.Debug|x64.ActiveCfg = Debug|Any CPU
		{F95ECBE1-E707-4205-A26E-07D7A3DBD0A1}.Debug|x64.Build.0 = Debug|Any CPU
		{F95ECBE1-E707-4205-A26E-07D7A3DBD0A1}.Debug|x86.ActiveCfg = Debug|Any CPU
		{F95ECBE1-E707-4205-A26E-07D7A3DBD0A1}.Debug|x86.Build.0 = Debug|Any CPU
		{F95ECBE1-E707-4205-A26E-07D7A3DBD0A1}.Release|Any CPU.ActiveCfg = Release|Any CPU
		{F95ECBE1-E707-4205-A26E-07D7A3DBD0A1}.Release|Any CPU.Build.0 = Release|Any CPU
		{F95ECBE1-E707-4205-A26E-07D7A3DBD0A1}.Release|x64.ActiveCfg = Release|Any CPU
		{F95ECBE1-E707-4205-A26E-07D7A3DBD0A1}.Release|x64.Build.0 = Release|Any CPU
		{F95ECBE1-E707-4205-A26E-07D7A3DBD0A1}.Release|x86.ActiveCfg = Release|Any CPU
		{F95ECBE1-E707-4205-A26E-07D7A3DBD0A1}.Release|x86.Build.0 = Release|Any CPU
		{1981D93D-69EE-43B8-988F-46695BC4D96D}.Debug|Any CPU.ActiveCfg = Debug|Any CPU
		{1981D93D-69EE-43B8-988F-46695BC4D96D}.Debug|Any CPU.Build.0 = Debug|Any CPU
		{1981D93D-69EE-43B8-988F-46695BC4D96D}.Debug|x64.ActiveCfg = Debug|Any CPU
		{1981D93D-69EE-43B8-988F-46695BC4D96D}.Debug|x64.Build.0 = Debug|Any CPU
		{1981D93D-69EE-43B8-988F-46695BC4D96D}.Debug|x86.ActiveCfg = Debug|Any CPU
		{1981D93D-69EE-43B8-988F-46695BC4D96D}.Debug|x86.Build.0 = Debug|Any CPU
		{1981D93D-69EE-43B8-988F-46695BC4D96D}.Release|Any CPU.ActiveCfg = Release|Any CPU
		{1981D93D-69EE-43B8-988F-46695BC4D96D}.Release|Any CPU.Build.0 = Release|Any CPU
		{1981D93D-69EE-43B8-988F-46695BC4D96D}.Release|x64.ActiveCfg = Release|Any CPU
		{1981D93D-69EE-43B8-988F-46695BC4D96D}.Release|x64.Build.0 = Release|Any CPU
		{1981D93D-69EE-43B8-988F-46695BC4D96D}.Release|x86.ActiveCfg = Release|Any CPU
		{1981D93D-69EE-43B8-988F-46695BC4D96D}.Release|x86.Build.0 = Release|Any CPU
		{2B9F4E8A-7C3D-4A6F-9B1E-8D2F5A7C9E4B}.Debug|Any CPU.ActiveCfg = Debug|Any CPU
		{2B9F4E8A-7C3D-4A6F-9B1E-8D2F5A7C9E4B}.Debug|Any CPU.Build.0 = Debug|Any CPU
		{2B9F4E8A-7C3D-4A6F-9B1E-8D2F5A7C9E4B}.Debug|x64.ActiveCfg = Debug|Any CPU
		{2B9F4E8A-7C3D-4A6F-9B1E-8D2F5A7C9E4B}.Debug|x64.Build.0 = Debug|Any CPU
		{2B9F4E8A-7C3D-4A6F-9B1E-8D2F5A7C9E4B}.Debug|x86.ActiveCfg = Debug|Any CPU
		{2B9F4E8A-7C3D-4A6F-9B1E-8D2F5A7C9E4B}.Debug|x86.Build.0 = Debug|Any CPU
		{2B9F4E8A-7C3D-4A6F-9B1E-8D2F5A7C9E4B}.Release|Any CPU.ActiveCfg = Release|Any CPU
		{2B9F4E8A-7C3D-4A6F-9B1E-8D2F5A7C9E4B}.Release|Any CPU.Build.0 = Release|Any CPU
		{2B9F4E8A-7C3D-4A6F-9B1E-8D2F5A7C9E4B}.Release|x64.ActiveCfg = Release|Any CPU
		{2B9F4E8A-7C3D-4A6F-9B1E-8D2F5A7C9E4B}.Release|x64.Build.0 = Release|Any CPU
		{2B9F4E8A-7C3D-4A6F-9B1E-8D2F5A7C9E4B}.Release|x86.ActiveCfg = Release|Any CPU
		{2B9F4E8A-7C3D-4A6F-9B1E-8D2F5A7C9E4B}.Release|x86.Build.0 = Release|Any CPU
		{1ADDB92E-230A-418C-AF4E-F063F1D65E53}.Debug|Any CPU.ActiveCfg = Debug|Any CPU
		{1ADDB92E-230A-418C-AF4E-F063F1D65E53}.Debug|Any CPU.Build.0 = Debug|Any CPU
		{1ADDB92E-230A-418C-AF4E-F063F1D65E53}.Debug|x64.ActiveCfg = Debug|Any CPU
		{1ADDB92E-230A-418C-AF4E-F063F1D65E53}.Debug|x64.Build.0 = Debug|Any CPU
		{1ADDB92E-230A-418C-AF4E-F063F1D65E53}.Debug|x86.ActiveCfg = Debug|Any CPU
		{1ADDB92E-230A-418C-AF4E-F063F1D65E53}.Debug|x86.Build.0 = Debug|Any CPU
		{1ADDB92E-230A-418C-AF4E-F063F1D65E53}.Release|Any CPU.ActiveCfg = Release|Any CPU
		{1ADDB92E-230A-418C-AF4E-F063F1D65E53}.Release|Any CPU.Build.0 = Release|Any CPU
		{1ADDB92E-230A-418C-AF4E-F063F1D65E53}.Release|x64.ActiveCfg = Release|Any CPU
		{1ADDB92E-230A-418C-AF4E-F063F1D65E53}.Release|x64.Build.0 = Release|Any CPU
		{1ADDB92E-230A-418C-AF4E-F063F1D65E53}.Release|x86.ActiveCfg = Release|Any CPU
		{1ADDB92E-230A-418C-AF4E-F063F1D65E53}.Release|x86.Build.0 = Release|Any CPU
		{B484F6FF-89F9-4DB7-B91A-AE59F36FE4BC}.Debug|Any CPU.ActiveCfg = Debug|Any CPU
		{B484F6FF-89F9-4DB7-B91A-AE59F36FE4BC}.Debug|Any CPU.Build.0 = Debug|Any CPU
		{B484F6FF-89F9-4DB7-B91A-AE59F36FE4BC}.Debug|x64.ActiveCfg = Debug|Any CPU
		{B484F6FF-89F9-4DB7-B91A-AE59F36FE4BC}.Debug|x64.Build.0 = Debug|Any CPU
		{B484F6FF-89F9-4DB7-B91A-AE59F36FE4BC}.Debug|x86.ActiveCfg = Debug|Any CPU
		{B484F6FF-89F9-4DB7-B91A-AE59F36FE4BC}.Debug|x86.Build.0 = Debug|Any CPU
		{B484F6FF-89F9-4DB7-B91A-AE59F36FE4BC}.Release|Any CPU.ActiveCfg = Release|Any CPU
		{B484F6FF-89F9-4DB7-B91A-AE59F36FE4BC}.Release|Any CPU.Build.0 = Release|Any CPU
		{B484F6FF-89F9-4DB7-B91A-AE59F36FE4BC}.Release|x64.ActiveCfg = Release|Any CPU
		{B484F6FF-89F9-4DB7-B91A-AE59F36FE4BC}.Release|x64.Build.0 = Release|Any CPU
		{B484F6FF-89F9-4DB7-B91A-AE59F36FE4BC}.Release|x86.ActiveCfg = Release|Any CPU
		{B484F6FF-89F9-4DB7-B91A-AE59F36FE4BC}.Release|x86.Build.0 = Release|Any CPU
		{95D08379-9A09-4AE1-98B2-A6333064FBA0}.Debug|Any CPU.ActiveCfg = Debug|Any CPU
		{95D08379-9A09-4AE1-98B2-A6333064FBA0}.Debug|Any CPU.Build.0 = Debug|Any CPU
		{95D08379-9A09-4AE1-98B2-A6333064FBA0}.Debug|x64.ActiveCfg = Debug|Any CPU
		{95D08379-9A09-4AE1-98B2-A6333064FBA0}.Debug|x64.Build.0 = Debug|Any CPU
		{95D08379-9A09-4AE1-98B2-A6333064FBA0}.Debug|x86.ActiveCfg = Debug|Any CPU
		{95D08379-9A09-4AE1-98B2-A6333064FBA0}.Debug|x86.Build.0 = Debug|Any CPU
		{95D08379-9A09-4AE1-98B2-A6333064FBA0}.Release|Any CPU.ActiveCfg = Release|Any CPU
		{95D08379-9A09-4AE1-98B2-A6333064FBA0}.Release|Any CPU.Build.0 = Release|Any CPU
		{95D08379-9A09-4AE1-98B2-A6333064FBA0}.Release|x64.ActiveCfg = Release|Any CPU
		{95D08379-9A09-4AE1-98B2-A6333064FBA0}.Release|x64.Build.0 = Release|Any CPU
		{95D08379-9A09-4AE1-98B2-A6333064FBA0}.Release|x86.ActiveCfg = Release|Any CPU
		{95D08379-9A09-4AE1-98B2-A6333064FBA0}.Release|x86.Build.0 = Release|Any CPU
		{5297DB4E-F529-4671-91DE-81D64CA2FEB3}.Debug|Any CPU.ActiveCfg = Debug|Any CPU
		{5297DB4E-F529-4671-91DE-81D64CA2FEB3}.Debug|Any CPU.Build.0 = Debug|Any CPU
		{5297DB4E-F529-4671-91DE-81D64CA2FEB3}.Debug|x64.ActiveCfg = Debug|Any CPU
		{5297DB4E-F529-4671-91DE-81D64CA2FEB3}.Debug|x64.Build.0 = Debug|Any CPU
		{5297DB4E-F529-4671-91DE-81D64CA2FEB3}.Debug|x86.ActiveCfg = Debug|Any CPU
		{5297DB4E-F529-4671-91DE-81D64CA2FEB3}.Debug|x86.Build.0 = Debug|Any CPU
		{5297DB4E-F529-4671-91DE-81D64CA2FEB3}.Release|Any CPU.ActiveCfg = Release|Any CPU
		{5297DB4E-F529-4671-91DE-81D64CA2FEB3}.Release|Any CPU.Build.0 = Release|Any CPU
		{5297DB4E-F529-4671-91DE-81D64CA2FEB3}.Release|x64.ActiveCfg = Release|Any CPU
		{5297DB4E-F529-4671-91DE-81D64CA2FEB3}.Release|x64.Build.0 = Release|Any CPU
		{5297DB4E-F529-4671-91DE-81D64CA2FEB3}.Release|x86.ActiveCfg = Release|Any CPU
		{5297DB4E-F529-4671-91DE-81D64CA2FEB3}.Release|x86.Build.0 = Release|Any CPU
		{BEAF872C-C0C3-4905-8BAB-AD95C71FFE69}.Debug|Any CPU.ActiveCfg = Debug|Any CPU
		{BEAF872C-C0C3-4905-8BAB-AD95C71FFE69}.Debug|Any CPU.Build.0 = Debug|Any CPU
		{BEAF872C-C0C3-4905-8BAB-AD95C71FFE69}.Debug|x64.ActiveCfg = Debug|Any CPU
		{BEAF872C-C0C3-4905-8BAB-AD95C71FFE69}.Debug|x64.Build.0 = Debug|Any CPU
		{BEAF872C-C0C3-4905-8BAB-AD95C71FFE69}.Debug|x86.ActiveCfg = Debug|Any CPU
		{BEAF872C-C0C3-4905-8BAB-AD95C71FFE69}.Debug|x86.Build.0 = Debug|Any CPU
		{BEAF872C-C0C3-4905-8BAB-AD95C71FFE69}.Release|Any CPU.ActiveCfg = Release|Any CPU
		{BEAF872C-C0C3-4905-8BAB-AD95C71FFE69}.Release|Any CPU.Build.0 = Release|Any CPU
		{BEAF872C-C0C3-4905-8BAB-AD95C71FFE69}.Release|x64.ActiveCfg = Release|Any CPU
		{BEAF872C-C0C3-4905-8BAB-AD95C71FFE69}.Release|x64.Build.0 = Release|Any CPU
		{BEAF872C-C0C3-4905-8BAB-AD95C71FFE69}.Release|x86.ActiveCfg = Release|Any CPU
		{BEAF872C-C0C3-4905-8BAB-AD95C71FFE69}.Release|x86.Build.0 = Release|Any CPU
	EndGlobalSection
	GlobalSection(SolutionProperties) = preSolution
		HideSolutionNode = FALSE
	EndGlobalSection
	GlobalSection(NestedProjects) = preSolution
		{3A86D9C5-F5BA-0513-26A0-68233B5FCE63} = {CA253913-39DE-BFD0-C9A3-4B7EC6FBDF17}
		{476EC9F0-CA13-7D30-0227-4D459B00612D} = {3A86D9C5-F5BA-0513-26A0-68233B5FCE63}
		{184199B9-F81F-9705-35FB-F524861541FB} = {3A86D9C5-F5BA-0513-26A0-68233B5FCE63}
		{56156E8C-7792-D2CF-5F83-EF11FEEC19E5} = {3A86D9C5-F5BA-0513-26A0-68233B5FCE63}
		{70676260-79F7-C7AA-1190-E1321B1CF959} = {3A86D9C5-F5BA-0513-26A0-68233B5FCE63}
		{5D27AFBD-1390-4F26-9DF1-2FD2A608875D} = {CA253913-39DE-BFD0-C9A3-4B7EC6FBDF17}
		{A52AA99B-C83A-4BA6-802F-7C5B407BEC1F} = {5D27AFBD-1390-4F26-9DF1-2FD2A608875D}
		{7BCEFC78-3A48-410A-87E2-D0E7A10631D7} = {5D27AFBD-1390-4F26-9DF1-2FD2A608875D}
		{F95ECBE1-E707-4205-A26E-07D7A3DBD0A1} = {5D27AFBD-1390-4F26-9DF1-2FD2A608875D}
		{1981D93D-69EE-43B8-988F-46695BC4D96D} = {5D27AFBD-1390-4F26-9DF1-2FD2A608875D}
		{C8F5B7E2-4A9E-4D1F-8E6C-5D7F9A2B3C4D} = {CA253913-39DE-BFD0-C9A3-4B7EC6FBDF17}
		{2B9F4E8A-7C3D-4A6F-9B1E-8D2F5A7C9E4B} = {C8F5B7E2-4A9E-4D1F-8E6C-5D7F9A2B3C4D}
		{95D08379-9A09-4AE1-98B2-A6333064FBA0} = {C8F5B7E2-4A9E-4D1F-8E6C-5D7F9A2B3C4D}
		{5297DB4E-F529-4671-91DE-81D64CA2FEB3} = {C8F5B7E2-4A9E-4D1F-8E6C-5D7F9A2B3C4D}
		{BEAF872C-C0C3-4905-8BAB-AD95C71FFE69} = {C8F5B7E2-4A9E-4D1F-8E6C-5D7F9A2B3C4D}
	EndGlobalSection
	GlobalSection(ExtensibilityGlobals) = postSolution
		SolutionGuid = {56BE404A-8B36-4585-BCD1-5D56C184EF0A}
	EndGlobalSection
EndGlobal
