
Microsoft Visual Studio Solution File, Format Version 12.00
# Visual Studio Version 16
VisualStudioVersion = 16.0.30804.86
MinimumVisualStudioVersion = 10.0.40219.1
Project("{9A19103F-16F7-4668-BE54-9A1E7A4F7556}") = "temsAPI", "temsAPI\temsAPI.csproj", "{DC143E8E-60F4-45D7-A912-058086BF6FA9}"
EndProject
Project("{9A19103F-16F7-4668-BE54-9A1E7A4F7556}") = "SIC-Parser", "SIC-Parser\SIC-Parser.csproj", "{F38602E6-D655-40C5-B25A-B22C58E4109C}"
EndProject
Project("{FAE04EC0-301F-11D3-BF4B-00C04F79EFBC}") = "ReportGenerator", "ReportGenerator\ReportGenerator.csproj", "{F4D6061B-5EA7-44B8-A4BE-ABF3C0C01F03}"
EndProject
Global
	GlobalSection(SolutionConfigurationPlatforms) = preSolution
		Debug|Any CPU = Debug|Any CPU
		Release|Any CPU = Release|Any CPU
	EndGlobalSection
	GlobalSection(ProjectConfigurationPlatforms) = postSolution
		{DC143E8E-60F4-45D7-A912-058086BF6FA9}.Debug|Any CPU.ActiveCfg = Debug|Any CPU
		{DC143E8E-60F4-45D7-A912-058086BF6FA9}.Debug|Any CPU.Build.0 = Debug|Any CPU
		{DC143E8E-60F4-45D7-A912-058086BF6FA9}.Release|Any CPU.ActiveCfg = Release|Any CPU
		{DC143E8E-60F4-45D7-A912-058086BF6FA9}.Release|Any CPU.Build.0 = Release|Any CPU
		{F38602E6-D655-40C5-B25A-B22C58E4109C}.Debug|Any CPU.ActiveCfg = Debug|Any CPU
		{F38602E6-D655-40C5-B25A-B22C58E4109C}.Debug|Any CPU.Build.0 = Debug|Any CPU
		{F38602E6-D655-40C5-B25A-B22C58E4109C}.Release|Any CPU.ActiveCfg = Release|Any CPU
		{F38602E6-D655-40C5-B25A-B22C58E4109C}.Release|Any CPU.Build.0 = Release|Any CPU
		{F4D6061B-5EA7-44B8-A4BE-ABF3C0C01F03}.Debug|Any CPU.ActiveCfg = Debug|Any CPU
		{F4D6061B-5EA7-44B8-A4BE-ABF3C0C01F03}.Debug|Any CPU.Build.0 = Debug|Any CPU
		{F4D6061B-5EA7-44B8-A4BE-ABF3C0C01F03}.Release|Any CPU.ActiveCfg = Release|Any CPU
		{F4D6061B-5EA7-44B8-A4BE-ABF3C0C01F03}.Release|Any CPU.Build.0 = Release|Any CPU
	EndGlobalSection
	GlobalSection(SolutionProperties) = preSolution
		HideSolutionNode = FALSE
	EndGlobalSection
	GlobalSection(ExtensibilityGlobals) = postSolution
		SolutionGuid = {A92B4A80-8887-45BB-959A-0243A0B864B5}
	EndGlobalSection
EndGlobal
